// !$*UTF8*$!
{
	archiveVersion = 1;
	classes = {
	};
	objectVersion = 46;
	objects = {

/* Begin PBXBuildFile section */
		A0F9E9CF1B272D8600851363 /* main.m in Sources */ = {isa = PBXBuildFile; fileRef = A0F9E9CE1B272D8600851363 /* main.m */; };
		A0F9E9D21B272D8600851363 /* AppDelegate.m in Sources */ = {isa = PBXBuildFile; fileRef = A0F9E9D11B272D8600851363 /* AppDelegate.m */; };
		A0F9E9D51B272D8600851363 /* ViewController.m in Sources */ = {isa = PBXBuildFile; fileRef = A0F9E9D41B272D8600851363 /* ViewController.m */; };
		A0F9E9D81B272D8600851363 /* Main.storyboard in Resources */ = {isa = PBXBuildFile; fileRef = A0F9E9D61B272D8600851363 /* Main.storyboard */; };
		A0F9E9DA1B272D8600851363 /* Images.xcassets in Resources */ = {isa = PBXBuildFile; fileRef = A0F9E9D91B272D8600851363 /* Images.xcassets */; };
		A0F9E9DD1B272D8600851363 /* LaunchScreen.xib in Resources */ = {isa = PBXBuildFile; fileRef = A0F9E9DB1B272D8600851363 /* LaunchScreen.xib */; };
		A0F9E9E91B272D8600851363 /* Image_ModeTests.m in Sources */ = {isa = PBXBuildFile; fileRef = A0F9E9E81B272D8600851363 /* Image_ModeTests.m */; };
/* End PBXBuildFile section */

/* Begin PBXContainerItemProxy section */
		A0F9E9E31B272D8600851363 /* PBXContainerItemProxy */ = {
			isa = PBXContainerItemProxy;
			containerPortal = A0F9E9C11B272D8600851363 /* Project object */;
			proxyType = 1;
			remoteGlobalIDString = A0F9E9C81B272D8600851363;
			remoteInfo = "Image Mode";
		};
/* End PBXContainerItemProxy section */

/* Begin PBXFileReference section */
		A0F9E9C91B272D8600851363 /* Image Mode.app */ = {isa = PBXFileReference; explicitFileType = wrapper.application; includeInIndex = 0; path = "Image Mode.app"; sourceTree = BUILT_PRODUCTS_DIR; };
		A0F9E9CD1B272D8600851363 /* Info.plist */ = {isa = PBXFileReference; lastKnownFileType = text.plist.xml; path = Info.plist; sourceTree = "<group>"; };
		A0F9E9CE1B272D8600851363 /* main.m */ = {isa = PBXFileReference; lastKnownFileType = sourcecode.c.objc; path = main.m; sourceTree = "<group>"; };
		A0F9E9D01B272D8600851363 /* AppDelegate.h */ = {isa = PBXFileReference; lastKnownFileType = sourcecode.c.h; path = AppDelegate.h; sourceTree = "<group>"; };
		A0F9E9D11B272D8600851363 /* AppDelegate.m */ = {isa = PBXFileReference; lastKnownFileType = sourcecode.c.objc; path = AppDelegate.m; sourceTree = "<group>"; };
		A0F9E9D31B272D8600851363 /* ViewController.h */ = {isa = PBXFileReference; lastKnownFileType = sourcecode.c.h; path = ViewController.h; sourceTree = "<group>"; };
		A0F9E9D41B272D8600851363 /* ViewController.m */ = {isa = PBXFileReference; lastKnownFileType = sourcecode.c.objc; path = ViewController.m; sourceTree = "<group>"; };
		A0F9E9D71B272D8600851363 /* Base */ = {isa = PBXFileReference; lastKnownFileType = file.storyboard; name = Base; path = Base.lproj/Main.storyboard; sourceTree = "<group>"; };
		A0F9E9D91B272D8600851363 /* Images.xcassets */ = {isa = PBXFileReference; lastKnownFileType = folder.assetcatalog; path = Images.xcassets; sourceTree = "<group>"; };
		A0F9E9DC1B272D8600851363 /* Base */ = {isa = PBXFileReference; lastKnownFileType = file.xib; name = Base; path = Base.lproj/LaunchScreen.xib; sourceTree = "<group>"; };
		A0F9E9E21B272D8600851363 /* Image ModeTests.xctest */ = {isa = PBXFileReference; explicitFileType = wrapper.cfbundle; includeInIndex = 0; path = "Image ModeTests.xctest"; sourceTree = BUILT_PRODUCTS_DIR; };
		A0F9E9E71B272D8600851363 /* Info.plist */ = {isa = PBXFileReference; lastKnownFileType = text.plist.xml; path = Info.plist; sourceTree = "<group>"; };
		A0F9E9E81B272D8600851363 /* Image_ModeTests.m */ = {isa = PBXFileReference; lastKnownFileType = sourcecode.c.objc; path = Image_ModeTests.m; sourceTree = "<group>"; };
/* End PBXFileReference section */

/* Begin PBXFrameworksBuildPhase section */
		A0F9E9C61B272D8600851363 /* Frameworks */ = {
			isa = PBXFrameworksBuildPhase;
			buildActionMask = 2147483647;
			files = (
			);
			runOnlyForDeploymentPostprocessing = 0;
		};
		A0F9E9DF1B272D8600851363 /* Frameworks */ = {
			isa = PBXFrameworksBuildPhase;
			buildActionMask = 2147483647;
			files = (
			);
			runOnlyForDeploymentPostprocessing = 0;
		};
/* End PBXFrameworksBuildPhase section */

/* Begin PBXGroup section */
		A0F9E9C01B272D8600851363 = {
			isa = PBXGroup;
			children = (
				A0F9E9CB1B272D8600851363 /* Image Mode */,
				A0F9E9E51B272D8600851363 /* Image ModeTests */,
				A0F9E9CA1B272D8600851363 /* Products */,
			);
			sourceTree = "<group>";
		};
		A0F9E9CA1B272D8600851363 /* Products */ = {
			isa = PBXGroup;
			children = (
				A0F9E9C91B272D8600851363 /* Image Mode.app */,
				A0F9E9E21B272D8600851363 /* Image ModeTests.xctest */,
			);
			name = Products;
			sourceTree = "<group>";
		};
		A0F9E9CB1B272D8600851363 /* Image Mode */ = {
			isa = PBXGroup;
			children = (
				A0F9E9D01B272D8600851363 /* AppDelegate.h */,
				A0F9E9D11B272D8600851363 /* AppDelegate.m */,
				A0F9E9D31B272D8600851363 /* ViewController.h */,
				A0F9E9D41B272D8600851363 /* ViewController.m */,
				A0F9E9D61B272D8600851363 /* Main.storyboard */,
				A0F9E9D91B272D8600851363 /* Images.xcassets */,
				A0F9E9DB1B272D8600851363 /* LaunchScreen.xib */,
				A0F9E9CC1B272D8600851363 /* Supporting Files */,
			);
			path = "Image Mode";
			sourceTree = "<group>";
		};
		A0F9E9CC1B272D8600851363 /* Supporting Files */ = {
			isa = PBXGroup;
			children = (
				A0F9E9CD1B272D8600851363 /* Info.plist */,
				A0F9E9CE1B272D8600851363 /* main.m */,
			);
			name = "Supporting Files";
			sourceTree = "<group>";
		};
		A0F9E9E51B272D8600851363 /* Image ModeTests */ = {
			isa = PBXGroup;
			children = (
				A0F9E9E81B272D8600851363 /* Image_ModeTests.m */,
				A0F9E9E61B272D8600851363 /* Supporting Files */,
			);
			path = "Image ModeTests";
			sourceTree = "<group>";
		};
		A0F9E9E61B272D8600851363 /* Supporting Files */ = {
			isa = PBXGroup;
			children = (
				A0F9E9E71B272D8600851363 /* Info.plist */,
			);
			name = "Supporting Files";
			sourceTree = "<group>";
		};
/* End PBXGroup section */

/* Begin PBXNativeTarget section */
		A0F9E9C81B272D8600851363 /* Image Mode */ = {
			isa = PBXNativeTarget;
			buildConfigurationList = A0F9E9EC1B272D8600851363 /* Build configuration list for PBXNativeTarget "Image Mode" */;
			buildPhases = (
				A0F9E9C51B272D8600851363 /* Sources */,
				A0F9E9C61B272D8600851363 /* Frameworks */,
				A0F9E9C71B272D8600851363 /* Resources */,
			);
			buildRules = (
			);
			dependencies = (
			);
			name = "Image Mode";
			productName = "Image Mode";
			productReference = A0F9E9C91B272D8600851363 /* Image Mode.app */;
			productType = "com.apple.product-type.application";
		};
		A0F9E9E11B272D8600851363 /* Image ModeTests */ = {
			isa = PBXNativeTarget;
			buildConfigurationList = A0F9E9EF1B272D8600851363 /* Build configuration list for PBXNativeTarget "Image ModeTests" */;
			buildPhases = (
				A0F9E9DE1B272D8600851363 /* Sources */,
				A0F9E9DF1B272D8600851363 /* Frameworks */,
				A0F9E9E01B272D8600851363 /* Resources */,
			);
			buildRules = (
			);
			dependencies = (
				A0F9E9E41B272D8600851363 /* PBXTargetDependency */,
			);
			name = "Image ModeTests";
			productName = "Image ModeTests";
			productReference = A0F9E9E21B272D8600851363 /* Image ModeTests.xctest */;
			productType = "com.apple.product-type.bundle.unit-test";
		};
/* End PBXNativeTarget section */

/* Begin PBXProject section */
		A0F9E9C11B272D8600851363 /* Project object */ = {
			isa = PBXProject;
			attributes = {
				LastUpgradeCheck = 0630;
				ORGANIZATIONNAME = "Massachusetts Eye and Ear Infirmary";
				TargetAttributes = {
					A0F9E9C81B272D8600851363 = {
						CreatedOnToolsVersion = 6.3.2;
						DevelopmentTeam = S3XP72WELV;
					};
					A0F9E9E11B272D8600851363 = {
						CreatedOnToolsVersion = 6.3.2;
						TestTargetID = A0F9E9C81B272D8600851363;
					};
				};
			};
			buildConfigurationList = A0F9E9C41B272D8600851363 /* Build configuration list for PBXProject "Image Mode" */;
			compatibilityVersion = "Xcode 3.2";
			developmentRegion = English;
			hasScannedForEncodings = 0;
			knownRegions = (
				en,
				Base,
			);
			mainGroup = A0F9E9C01B272D8600851363;
			productRefGroup = A0F9E9CA1B272D8600851363 /* Products */;
			projectDirPath = "";
			projectRoot = "";
			targets = (
				A0F9E9C81B272D8600851363 /* Image Mode */,
				A0F9E9E11B272D8600851363 /* Image ModeTests */,
			);
		};
/* End PBXProject section */

/* Begin PBXResourcesBuildPhase section */
		A0F9E9C71B272D8600851363 /* Resources */ = {
			isa = PBXResourcesBuildPhase;
			buildActionMask = 2147483647;
			files = (
				A0F9E9D81B272D8600851363 /* Main.storyboard in Resources */,
				A0F9E9DD1B272D8600851363 /* LaunchScreen.xib in Resources */,
				A0F9E9DA1B272D8600851363 /* Images.xcassets in Resources */,
			);
			runOnlyForDeploymentPostprocessing = 0;
		};
		A0F9E9E01B272D8600851363 /* Resources */ = {
			isa = PBXResourcesBuildPhase;
			buildActionMask = 2147483647;
			files = (
			);
			runOnlyForDeploymentPostprocessing = 0;
		};
/* End PBXResourcesBuildPhase section */

/* Begin PBXSourcesBuildPhase section */
		A0F9E9C51B272D8600851363 /* Sources */ = {
			isa = PBXSourcesBuildPhase;
			buildActionMask = 2147483647;
			files = (
				A0F9E9D51B272D8600851363 /* ViewController.m in Sources */,
				A0F9E9D21B272D8600851363 /* AppDelegate.m in Sources */,
				A0F9E9CF1B272D8600851363 /* main.m in Sources */,
			);
			runOnlyForDeploymentPostprocessing = 0;
		};
		A0F9E9DE1B272D8600851363 /* Sources */ = {
			isa = PBXSourcesBuildPhase;
			buildActionMask = 2147483647;
			files = (
				A0F9E9E91B272D8600851363 /* Image_ModeTests.m in Sources */,
			);
			runOnlyForDeploymentPostprocessing = 0;
		};
/* End PBXSourcesBuildPhase section */

/* Begin PBXTargetDependency section */
		A0F9E9E41B272D8600851363 /* PBXTargetDependency */ = {
			isa = PBXTargetDependency;
			target = A0F9E9C81B272D8600851363 /* Image Mode */;
			targetProxy = A0F9E9E31B272D8600851363 /* PBXContainerItemProxy */;
		};
/* End PBXTargetDependency section */

/* Begin PBXVariantGroup section */
		A0F9E9D61B272D8600851363 /* Main.storyboard */ = {
			isa = PBXVariantGroup;
			children = (
				A0F9E9D71B272D8600851363 /* Base */,
			);
			name = Main.storyboard;
			sourceTree = "<group>";
		};
		A0F9E9DB1B272D8600851363 /* LaunchScreen.xib */ = {
			isa = PBXVariantGroup;
			children = (
				A0F9E9DC1B272D8600851363 /* Base */,
			);
			name = LaunchScreen.xib;
			sourceTree = "<group>";
		};
/* End PBXVariantGroup section */

/* Begin XCBuildConfiguration section */
		A0F9E9EA1B272D8600851363 /* Debug */ = {
			isa = XCBuildConfiguration;
			buildSettings = {
				ALWAYS_SEARCH_USER_PATHS = NO;
				CLANG_CXX_LANGUAGE_STANDARD = "gnu++0x";
				CLANG_CXX_LIBRARY = "libc++";
				CLANG_ENABLE_MODULES = YES;
				CLANG_ENABLE_OBJC_ARC = YES;
				CLANG_WARN_BOOL_CONVERSION = YES;
				CLANG_WARN_CONSTANT_CONVERSION = YES;
				CLANG_WARN_DIRECT_OBJC_ISA_USAGE = YES_ERROR;
				CLANG_WARN_EMPTY_BODY = YES;
				CLANG_WARN_ENUM_CONVERSION = YES;
				CLANG_WARN_INT_CONVERSION = YES;
				CLANG_WARN_OBJC_ROOT_CLASS = YES_ERROR;
				CLANG_WARN_UNREACHABLE_CODE = YES;
				CLANG_WARN__DUPLICATE_METHOD_MATCH = YES;
				"CODE_SIGN_IDENTITY[sdk=iphoneos*]" = "iPhone Developer";
				COPY_PHASE_STRIP = NO;
				DEBUG_INFORMATION_FORMAT = "dwarf-with-dsym";
				ENABLE_STRICT_OBJC_MSGSEND = YES;
				GCC_C_LANGUAGE_STANDARD = gnu99;
				GCC_DYNAMIC_NO_PIC = NO;
				GCC_NO_COMMON_BLOCKS = YES;
				GCC_OPTIMIZATION_LEVEL = 0;
				GCC_PREPROCESSOR_DEFINITIONS = (
					"DEBUG=1",
					"$(inherited)",
				);
				GCC_SYMBOLS_PRIVATE_EXTERN = NO;
				GCC_WARN_64_TO_32_BIT_CONVERSION = YES;
				GCC_WARN_ABOUT_RETURN_TYPE = YES_ERROR;
				GCC_WARN_UNDECLARED_SELECTOR = YES;
				GCC_WARN_UNINITIALIZED_AUTOS = YES_AGGRESSIVE;
				GCC_WARN_UNUSED_FUNCTION = YES;
				GCC_WARN_UNUSED_VARIABLE = YES;
				IPHONEOS_DEPLOYMENT_TARGET = 8.3;
				MTL_ENABLE_DEBUG_INFO = YES;
				ONLY_ACTIVE_ARCH = YES;
				SDKROOT = iphoneos;
			};
			name = Debug;
		};
		A0F9E9EB1B272D8600851363 /* Release */ = {
			isa = XCBuildConfiguration;
			buildSettings = {
				ALWAYS_SEARCH_USER_PATHS = NO;
				CLANG_CXX_LANGUAGE_STANDARD = "gnu++0x";
				CLANG_CXX_LIBRARY = "libc++";
				CLANG_ENABLE_MODULES = YES;
				CLANG_ENABLE_OBJC_ARC = YES;
				CLANG_WARN_BOOL_CONVERSION = YES;
				CLANG_WARN_CONSTANT_CONVERSION = YES;
				CLANG_WARN_DIRECT_OBJC_ISA_USAGE = YES_ERROR;
				CLANG_WARN_EMPTY_BODY = YES;
				CLANG_WARN_ENUM_CONVERSION = YES;
				CLANG_WARN_INT_CONVERSION = YES;
				CLANG_WARN_OBJC_ROOT_CLASS = YES_ERROR;
				CLANG_WARN_UNREACHABLE_CODE = YES;
				CLANG_WARN__DUPLICATE_METHOD_MATCH = YES;
				"CODE_SIGN_IDENTITY[sdk=iphoneos*]" = "iPhone Developer";
				COPY_PHASE_STRIP = NO;
				DEBUG_INFORMATION_FORMAT = "dwarf-with-dsym";
				ENABLE_NS_ASSERTIONS = NO;
				ENABLE_STRICT_OBJC_MSGSEND = YES;
				GCC_C_LANGUAGE_STANDARD = gnu99;
				GCC_NO_COMMON_BLOCKS = YES;
				GCC_WARN_64_TO_32_BIT_CONVERSION = YES;
				GCC_WARN_ABOUT_RETURN_TYPE = YES_ERROR;
				GCC_WARN_UNDECLARED_SELECTOR = YES;
				GCC_WARN_UNINITIALIZED_AUTOS = YES_AGGRESSIVE;
				GCC_WARN_UNUSED_FUNCTION = YES;
				GCC_WARN_UNUSED_VARIABLE = YES;
				IPHONEOS_DEPLOYMENT_TARGET = 8.3;
				MTL_ENABLE_DEBUG_INFO = NO;
				SDKROOT = iphoneos;
				VALIDATE_PRODUCT = YES;
			};
			name = Release;
		};
		A0F9E9ED1B272D8600851363 /* Debug */ = {
			isa = XCBuildConfiguration;
			buildSettings = {
				ASSETCATALOG_COMPILER_APPICON_NAME = AppIcon;
				CODE_SIGN_IDENTITY = "iPhone Developer";
				"CODE_SIGN_IDENTITY[sdk=iphoneos*]" = "iPhone Developer";
				INFOPLIST_FILE = "Image Mode/Info.plist";
				IPHONEOS_DEPLOYMENT_TARGET = 6.0;
				LD_RUNPATH_SEARCH_PATHS = "$(inherited) @executable_path/Frameworks";
				PRODUCT_NAME = "$(TARGET_NAME)";
				PROVISIONING_PROFILE = "";
			};
			name = Debug;
		};
		A0F9E9EE1B272D8600851363 /* Release */ = {
			isa = XCBuildConfiguration;
			buildSettings = {
				ASSETCATALOG_COMPILER_APPICON_NAME = AppIcon;
				CODE_SIGN_IDENTITY = "iPhone Developer";
				"CODE_SIGN_IDENTITY[sdk=iphoneos*]" = "iPhone Developer";
				INFOPLIST_FILE = "Image Mode/Info.plist";
				IPHONEOS_DEPLOYMENT_TARGET = 6.0;
				LD_RUNPATH_SEARCH_PATHS = "$(inherited) @executable_path/Frameworks";
				PRODUCT_NAME = "$(TARGET_NAME)";
				PROVISIONING_PROFILE = "";
			};
			name = Release;
		};
		A0F9E9F01B272D8600851363 /* Debug */ = {
			isa = XCBuildConfiguration;
			buildSettings = {
				BUNDLE_LOADER = "$(TEST_HOST)";
				FRAMEWORK_SEARCH_PATHS = (
					"$(SDKROOT)/Developer/Library/Frameworks",
					"$(inherited)",
				);
				GCC_PREPROCESSOR_DEFINITIONS = (
					"DEBUG=1",
					"$(inherited)",
				);
				INFOPLIST_FILE = "Image ModeTests/Info.plist";
				LD_RUNPATH_SEARCH_PATHS = "$(inherited) @executable_path/Frameworks @loader_path/Frameworks";
				PRODUCT_NAME = "$(TARGET_NAME)";
				TEST_HOST = "$(BUILT_PRODUCTS_DIR)/Image Mode.app/Image Mode";
			};
			name = Debug;
		};
		A0F9E9F11B272D8600851363 /* Release */ = {
			isa = XCBuildConfiguration;
			buildSettings = {
				BUNDLE_LOADER = "$(TEST_HOST)";
				FRAMEWORK_SEARCH_PATHS = (
					"$(SDKROOT)/Developer/Library/Frameworks",
					"$(inherited)",
				);
				INFOPLIST_FILE = "Image ModeTests/Info.plist";
				LD_RUNPATH_SEARCH_PATHS = "$(inherited) @executable_path/Frameworks @loader_path/Frameworks";
				PRODUCT_NAME = "$(TARGET_NAME)";
				TEST_HOST = "$(BUILT_PRODUCTS_DIR)/Image Mode.app/Image Mode";
			};
			name = Release;
		};
/* End XCBuildConfiguration section */

/* Begin XCConfigurationList section */
		A0F9E9C41B272D8600851363 /* Build configuration list for PBXProject "Image Mode" */ = {
			isa = XCConfigurationList;
			buildConfigurations = (
				A0F9E9EA1B272D8600851363 /* Debug */,
				A0F9E9EB1B272D8600851363 /* Release */,
			);
			defaultConfigurationIsVisible = 0;
			defaultConfigurationName = Release;
		};
		A0F9E9EC1B272D8600851363 /* Build configuration list for PBXNativeTarget "Image Mode" */ = {
			isa = XCConfigurationList;
			buildConfigurations = (
				A0F9E9ED1B272D8600851363 /* Debug */,
				A0F9E9EE1B272D8600851363 /* Release */,
			);
			defaultConfigurationIsVisible = 0;
			defaultConfigurationName = Release;
		};
		A0F9E9EF1B272D8600851363 /* Build configuration list for PBXNativeTarget "Image ModeTests" */ = {
			isa = XCConfigurationList;
			buildConfigurations = (
				A0F9E9F01B272D8600851363 /* Debug */,
				A0F9E9F11B272D8600851363 /* Release */,
			);
			defaultConfigurationIsVisible = 0;
			defaultConfigurationName = Release;
		};
/* End XCConfigurationList section */
	};
	rootObject = A0F9E9C11B272D8600851363 /* Project object */;
}
