// !$*UTF8*$!
{
	archiveVersion = 1;
	classes = {
	};
	objectVersion = 46;
	objects = {

/* Begin PBXBuildFile section */
		A00B1AE91B29CE6000ED05FE /* main.m in Sources */ = {isa = PBXBuildFile; fileRef = A00B1AE81B29CE6000ED05FE /* main.m */; };
		A00B1AEC1B29CE6000ED05FE /* AppDelegate.m in Sources */ = {isa = PBXBuildFile; fileRef = A00B1AEB1B29CE6000ED05FE /* AppDelegate.m */; };
		A00B1AEF1B29CE6000ED05FE /* ViewController.mm in Sources */ = {isa = PBXBuildFile; fileRef = A00B1AEE1B29CE6000ED05FE /* ViewController.mm */; };
		A00B1AF21B29CE6000ED05FE /* Main.storyboard in Resources */ = {isa = PBXBuildFile; fileRef = A00B1AF01B29CE6000ED05FE /* Main.storyboard */; };
		A00B1AF41B29CE6000ED05FE /* Images.xcassets in Resources */ = {isa = PBXBuildFile; fileRef = A00B1AF31B29CE6000ED05FE /* Images.xcassets */; };
		A00B1AF71B29CE6000ED05FE /* LaunchScreen.xib in Resources */ = {isa = PBXBuildFile; fileRef = A00B1AF51B29CE6000ED05FE /* LaunchScreen.xib */; };
		A00B1B031B29CE6000ED05FE /* MagnetTests.m in Sources */ = {isa = PBXBuildFile; fileRef = A00B1B021B29CE6000ED05FE /* MagnetTests.m */; };
		A00B1B151B29D23200ED05FE /* CoreMotion.framework in Frameworks */ = {isa = PBXBuildFile; fileRef = A00B1B131B29D21C00ED05FE /* CoreMotion.framework */; };
		A00B1B641B29DFC800ED05FE /* GLKit.framework in Frameworks */ = {isa = PBXBuildFile; fileRef = A00B1B621B29DFB700ED05FE /* GLKit.framework */; };
		A00B1B771B2A0CB200ED05FE /* MagnetSensor.mm in Sources */ = {isa = PBXBuildFile; fileRef = A00B1B761B2A0CB200ED05FE /* MagnetSensor.mm */; };
/* End PBXBuildFile section */

/* Begin PBXContainerItemProxy section */
		A00B1AFD1B29CE6000ED05FE /* PBXContainerItemProxy */ = {
			isa = PBXContainerItemProxy;
			containerPortal = A00B1ADB1B29CE6000ED05FE /* Project object */;
			proxyType = 1;
			remoteGlobalIDString = A00B1AE21B29CE6000ED05FE;
			remoteInfo = Magnet;
		};
/* End PBXContainerItemProxy section */

/* Begin PBXFileReference section */
		A00B1AE31B29CE6000ED05FE /* Magnet.app */ = {isa = PBXFileReference; explicitFileType = wrapper.application; includeInIndex = 0; path = Magnet.app; sourceTree = BUILT_PRODUCTS_DIR; };
		A00B1AE71B29CE6000ED05FE /* Info.plist */ = {isa = PBXFileReference; lastKnownFileType = text.plist.xml; path = Info.plist; sourceTree = "<group>"; };
		A00B1AE81B29CE6000ED05FE /* main.m */ = {isa = PBXFileReference; lastKnownFileType = sourcecode.c.objc; path = main.m; sourceTree = "<group>"; };
		A00B1AEA1B29CE6000ED05FE /* AppDelegate.h */ = {isa = PBXFileReference; lastKnownFileType = sourcecode.c.h; path = AppDelegate.h; sourceTree = "<group>"; };
		A00B1AEB1B29CE6000ED05FE /* AppDelegate.m */ = {isa = PBXFileReference; lastKnownFileType = sourcecode.c.objc; path = AppDelegate.m; sourceTree = "<group>"; };
		A00B1AED1B29CE6000ED05FE /* ViewController.h */ = {isa = PBXFileReference; lastKnownFileType = sourcecode.c.h; path = ViewController.h; sourceTree = "<group>"; };
		A00B1AEE1B29CE6000ED05FE /* ViewController.mm */ = {isa = PBXFileReference; lastKnownFileType = sourcecode.cpp.objcpp; path = ViewController.mm; sourceTree = "<group>"; };
		A00B1AF11B29CE6000ED05FE /* Base */ = {isa = PBXFileReference; lastKnownFileType = file.storyboard; name = Base; path = Base.lproj/Main.storyboard; sourceTree = "<group>"; };
		A00B1AF31B29CE6000ED05FE /* Images.xcassets */ = {isa = PBXFileReference; lastKnownFileType = folder.assetcatalog; path = Images.xcassets; sourceTree = "<group>"; };
		A00B1AF61B29CE6000ED05FE /* Base */ = {isa = PBXFileReference; lastKnownFileType = file.xib; name = Base; path = Base.lproj/LaunchScreen.xib; sourceTree = "<group>"; };
		A00B1AFC1B29CE6000ED05FE /* MagnetTests.xctest */ = {isa = PBXFileReference; explicitFileType = wrapper.cfbundle; includeInIndex = 0; path = MagnetTests.xctest; sourceTree = BUILT_PRODUCTS_DIR; };
		A00B1B011B29CE6000ED05FE /* Info.plist */ = {isa = PBXFileReference; lastKnownFileType = text.plist.xml; path = Info.plist; sourceTree = "<group>"; };
		A00B1B021B29CE6000ED05FE /* MagnetTests.m */ = {isa = PBXFileReference; lastKnownFileType = sourcecode.c.objc; path = MagnetTests.m; sourceTree = "<group>"; };
		A00B1B131B29D21C00ED05FE /* CoreMotion.framework */ = {isa = PBXFileReference; lastKnownFileType = wrapper.framework; name = CoreMotion.framework; path = System/Library/Frameworks/CoreMotion.framework; sourceTree = SDKROOT; };
		A00B1B621B29DFB700ED05FE /* GLKit.framework */ = {isa = PBXFileReference; lastKnownFileType = wrapper.framework; name = GLKit.framework; path = System/Library/Frameworks/GLKit.framework; sourceTree = SDKROOT; };
		A00B1B751B2A0CB200ED05FE /* MagnetSensor.h */ = {isa = PBXFileReference; fileEncoding = 4; lastKnownFileType = sourcecode.c.h; path = MagnetSensor.h; sourceTree = "<group>"; };
		A00B1B761B2A0CB200ED05FE /* MagnetSensor.mm */ = {isa = PBXFileReference; fileEncoding = 4; lastKnownFileType = sourcecode.cpp.objcpp; path = MagnetSensor.mm; sourceTree = "<group>"; };
/* End PBXFileReference section */

/* Begin PBXFrameworksBuildPhase section */
		A00B1AE01B29CE6000ED05FE /* Frameworks */ = {
			isa = PBXFrameworksBuildPhase;
			buildActionMask = 2147483647;
			files = (
				A00B1B641B29DFC800ED05FE /* GLKit.framework in Frameworks */,
				A00B1B151B29D23200ED05FE /* CoreMotion.framework in Frameworks */,
			);
			runOnlyForDeploymentPostprocessing = 0;
		};
		A00B1AF91B29CE6000ED05FE /* Frameworks */ = {
			isa = PBXFrameworksBuildPhase;
			buildActionMask = 2147483647;
			files = (
			);
			runOnlyForDeploymentPostprocessing = 0;
		};
/* End PBXFrameworksBuildPhase section */

/* Begin PBXGroup section */
		A00B1ADA1B29CE6000ED05FE = {
			isa = PBXGroup;
			children = (
				A00B1AE51B29CE6000ED05FE /* Magnet */,
				A00B1AFF1B29CE6000ED05FE /* MagnetTests */,
				A00B1B121B29D1FB00ED05FE /* Framework */,
				A00B1AE41B29CE6000ED05FE /* Products */,
			);
			sourceTree = "<group>";
		};
		A00B1AE41B29CE6000ED05FE /* Products */ = {
			isa = PBXGroup;
			children = (
				A00B1AE31B29CE6000ED05FE /* Magnet.app */,
				A00B1AFC1B29CE6000ED05FE /* MagnetTests.xctest */,
			);
			name = Products;
			sourceTree = "<group>";
		};
		A00B1AE51B29CE6000ED05FE /* Magnet */ = {
			isa = PBXGroup;
			children = (
				A00B1B751B2A0CB200ED05FE /* MagnetSensor.h */,
				A00B1B761B2A0CB200ED05FE /* MagnetSensor.mm */,
				A00B1AEA1B29CE6000ED05FE /* AppDelegate.h */,
				A00B1AEB1B29CE6000ED05FE /* AppDelegate.m */,
				A00B1AED1B29CE6000ED05FE /* ViewController.h */,
				A00B1AEE1B29CE6000ED05FE /* ViewController.mm */,
				A00B1AF01B29CE6000ED05FE /* Main.storyboard */,
				A00B1AF31B29CE6000ED05FE /* Images.xcassets */,
				A00B1AF51B29CE6000ED05FE /* LaunchScreen.xib */,
				A00B1AE61B29CE6000ED05FE /* Supporting Files */,
			);
			path = Magnet;
			sourceTree = "<group>";
		};
		A00B1AE61B29CE6000ED05FE /* Supporting Files */ = {
			isa = PBXGroup;
			children = (
				A00B1AE71B29CE6000ED05FE /* Info.plist */,
				A00B1AE81B29CE6000ED05FE /* main.m */,
			);
			name = "Supporting Files";
			sourceTree = "<group>";
		};
		A00B1AFF1B29CE6000ED05FE /* MagnetTests */ = {
			isa = PBXGroup;
			children = (
				A00B1B021B29CE6000ED05FE /* MagnetTests.m */,
				A00B1B001B29CE6000ED05FE /* Supporting Files */,
			);
			path = MagnetTests;
			sourceTree = "<group>";
		};
		A00B1B001B29CE6000ED05FE /* Supporting Files */ = {
			isa = PBXGroup;
			children = (
				A00B1B011B29CE6000ED05FE /* Info.plist */,
			);
			name = "Supporting Files";
			sourceTree = "<group>";
		};
		A00B1B121B29D1FB00ED05FE /* Framework */ = {
			isa = PBXGroup;
			children = (
				A00B1B621B29DFB700ED05FE /* GLKit.framework */,
				A00B1B131B29D21C00ED05FE /* CoreMotion.framework */,
			);
			name = Framework;
			sourceTree = "<group>";
		};
/* End PBXGroup section */

/* Begin PBXNativeTarget section */
		A00B1AE21B29CE6000ED05FE /* Magnet */ = {
			isa = PBXNativeTarget;
			buildConfigurationList = A00B1B061B29CE6000ED05FE /* Build configuration list for PBXNativeTarget "Magnet" */;
			buildPhases = (
				A00B1ADF1B29CE6000ED05FE /* Sources */,
				A00B1AE01B29CE6000ED05FE /* Frameworks */,
				A00B1AE11B29CE6000ED05FE /* Resources */,
			);
			buildRules = (
			);
			dependencies = (
			);
			name = Magnet;
			productName = Magnet;
			productReference = A00B1AE31B29CE6000ED05FE /* Magnet.app */;
			productType = "com.apple.product-type.application";
		};
		A00B1AFB1B29CE6000ED05FE /* MagnetTests */ = {
			isa = PBXNativeTarget;
			buildConfigurationList = A00B1B091B29CE6000ED05FE /* Build configuration list for PBXNativeTarget "MagnetTests" */;
			buildPhases = (
				A00B1AF81B29CE6000ED05FE /* Sources */,
				A00B1AF91B29CE6000ED05FE /* Frameworks */,
				A00B1AFA1B29CE6000ED05FE /* Resources */,
			);
			buildRules = (
			);
			dependencies = (
				A00B1AFE1B29CE6000ED05FE /* PBXTargetDependency */,
			);
			name = MagnetTests;
			productName = MagnetTests;
			productReference = A00B1AFC1B29CE6000ED05FE /* MagnetTests.xctest */;
			productType = "com.apple.product-type.bundle.unit-test";
		};
/* End PBXNativeTarget section */

/* Begin PBXProject section */
		A00B1ADB1B29CE6000ED05FE /* Project object */ = {
			isa = PBXProject;
			attributes = {
				LastUpgradeCheck = 0630;
				ORGANIZATIONNAME = "Massachusetts Eye and Ear Infirmary";
				TargetAttributes = {
					A00B1AE21B29CE6000ED05FE = {
						CreatedOnToolsVersion = 6.3.2;
					};
					A00B1AFB1B29CE6000ED05FE = {
						CreatedOnToolsVersion = 6.3.2;
						TestTargetID = A00B1AE21B29CE6000ED05FE;
					};
				};
			};
			buildConfigurationList = A00B1ADE1B29CE6000ED05FE /* Build configuration list for PBXProject "Magnet" */;
			compatibilityVersion = "Xcode 3.2";
			developmentRegion = English;
			hasScannedForEncodings = 0;
			knownRegions = (
				en,
				Base,
			);
			mainGroup = A00B1ADA1B29CE6000ED05FE;
			productRefGroup = A00B1AE41B29CE6000ED05FE /* Products */;
			projectDirPath = "";
			projectRoot = "";
			targets = (
				A00B1AE21B29CE6000ED05FE /* Magnet */,
				A00B1AFB1B29CE6000ED05FE /* MagnetTests */,
			);
		};
/* End PBXProject section */

/* Begin PBXResourcesBuildPhase section */
		A00B1AE11B29CE6000ED05FE /* Resources */ = {
			isa = PBXResourcesBuildPhase;
			buildActionMask = 2147483647;
			files = (
				A00B1AF21B29CE6000ED05FE /* Main.storyboard in Resources */,
				A00B1AF71B29CE6000ED05FE /* LaunchScreen.xib in Resources */,
				A00B1AF41B29CE6000ED05FE /* Images.xcassets in Resources */,
			);
			runOnlyForDeploymentPostprocessing = 0;
		};
		A00B1AFA1B29CE6000ED05FE /* Resources */ = {
			isa = PBXResourcesBuildPhase;
			buildActionMask = 2147483647;
			files = (
			);
			runOnlyForDeploymentPostprocessing = 0;
		};
/* End PBXResourcesBuildPhase section */

/* Begin PBXSourcesBuildPhase section */
		A00B1ADF1B29CE6000ED05FE /* Sources */ = {
			isa = PBXSourcesBuildPhase;
			buildActionMask = 2147483647;
			files = (
				A00B1AEF1B29CE6000ED05FE /* ViewController.mm in Sources */,
				A00B1B771B2A0CB200ED05FE /* MagnetSensor.mm in Sources */,
				A00B1AEC1B29CE6000ED05FE /* AppDelegate.m in Sources */,
				A00B1AE91B29CE6000ED05FE /* main.m in Sources */,
			);
			runOnlyForDeploymentPostprocessing = 0;
		};
		A00B1AF81B29CE6000ED05FE /* Sources */ = {
			isa = PBXSourcesBuildPhase;
			buildActionMask = 2147483647;
			files = (
				A00B1B031B29CE6000ED05FE /* MagnetTests.m in Sources */,
			);
			runOnlyForDeploymentPostprocessing = 0;
		};
/* End PBXSourcesBuildPhase section */

/* Begin PBXTargetDependency section */
		A00B1AFE1B29CE6000ED05FE /* PBXTargetDependency */ = {
			isa = PBXTargetDependency;
			target = A00B1AE21B29CE6000ED05FE /* Magnet */;
			targetProxy = A00B1AFD1B29CE6000ED05FE /* PBXContainerItemProxy */;
		};
/* End PBXTargetDependency section */

/* Begin PBXVariantGroup section */
		A00B1AF01B29CE6000ED05FE /* Main.storyboard */ = {
			isa = PBXVariantGroup;
			children = (
				A00B1AF11B29CE6000ED05FE /* Base */,
			);
			name = Main.storyboard;
			sourceTree = "<group>";
		};
		A00B1AF51B29CE6000ED05FE /* LaunchScreen.xib */ = {
			isa = PBXVariantGroup;
			children = (
				A00B1AF61B29CE6000ED05FE /* Base */,
			);
			name = LaunchScreen.xib;
			sourceTree = "<group>";
		};
/* End PBXVariantGroup section */

/* Begin XCBuildConfiguration section */
		A00B1B041B29CE6000ED05FE /* Debug */ = {
			isa = XCBuildConfiguration;
			buildSettings = {
				ALWAYS_SEARCH_USER_PATHS = NO;
				CLANG_CXX_LANGUAGE_STANDARD = "gnu++0x";
				CLANG_CXX_LIBRARY = "libc++";
				CLANG_ENABLE_MODULES = YES;
				CLANG_ENABLE_OBJC_ARC = YES;
				CLANG_WARN_BOOL_CONVERSION = YES;
				CLANG_WARN_CONSTANT_CONVERSION = YES;
				CLANG_WARN_DIRECT_OBJC_ISA_USAGE = YES_ERROR;
				CLANG_WARN_EMPTY_BODY = YES;
				CLANG_WARN_ENUM_CONVERSION = YES;
				CLANG_WARN_INT_CONVERSION = YES;
				CLANG_WARN_OBJC_ROOT_CLASS = YES_ERROR;
				CLANG_WARN_UNREACHABLE_CODE = YES;
				CLANG_WARN__DUPLICATE_METHOD_MATCH = YES;
				"CODE_SIGN_IDENTITY[sdk=iphoneos*]" = "iPhone Developer";
				COPY_PHASE_STRIP = NO;
				DEBUG_INFORMATION_FORMAT = "dwarf-with-dsym";
				ENABLE_STRICT_OBJC_MSGSEND = YES;
				GCC_C_LANGUAGE_STANDARD = gnu99;
				GCC_DYNAMIC_NO_PIC = NO;
				GCC_NO_COMMON_BLOCKS = YES;
				GCC_OPTIMIZATION_LEVEL = 0;
				GCC_PREPROCESSOR_DEFINITIONS = (
					"DEBUG=1",
					"$(inherited)",
				);
				GCC_SYMBOLS_PRIVATE_EXTERN = NO;
				GCC_WARN_64_TO_32_BIT_CONVERSION = YES;
				GCC_WARN_ABOUT_RETURN_TYPE = YES_ERROR;
				GCC_WARN_UNDECLARED_SELECTOR = YES;
				GCC_WARN_UNINITIALIZED_AUTOS = YES_AGGRESSIVE;
				GCC_WARN_UNUSED_FUNCTION = YES;
				GCC_WARN_UNUSED_VARIABLE = YES;
				IPHONEOS_DEPLOYMENT_TARGET = 8.3;
				MTL_ENABLE_DEBUG_INFO = YES;
				ONLY_ACTIVE_ARCH = YES;
				SDKROOT = iphoneos;
			};
			name = Debug;
		};
		A00B1B051B29CE6000ED05FE /* Release */ = {
			isa = XCBuildConfiguration;
			buildSettings = {
				ALWAYS_SEARCH_USER_PATHS = NO;
				CLANG_CXX_LANGUAGE_STANDARD = "gnu++0x";
				CLANG_CXX_LIBRARY = "libc++";
				CLANG_ENABLE_MODULES = YES;
				CLANG_ENABLE_OBJC_ARC = YES;
				CLANG_WARN_BOOL_CONVERSION = YES;
				CLANG_WARN_CONSTANT_CONVERSION = YES;
				CLANG_WARN_DIRECT_OBJC_ISA_USAGE = YES_ERROR;
				CLANG_WARN_EMPTY_BODY = YES;
				CLANG_WARN_ENUM_CONVERSION = YES;
				CLANG_WARN_INT_CONVERSION = YES;
				CLANG_WARN_OBJC_ROOT_CLASS = YES_ERROR;
				CLANG_WARN_UNREACHABLE_CODE = YES;
				CLANG_WARN__DUPLICATE_METHOD_MATCH = YES;
				"CODE_SIGN_IDENTITY[sdk=iphoneos*]" = "iPhone Developer";
				COPY_PHASE_STRIP = NO;
				DEBUG_INFORMATION_FORMAT = "dwarf-with-dsym";
				ENABLE_NS_ASSERTIONS = NO;
				ENABLE_STRICT_OBJC_MSGSEND = YES;
				GCC_C_LANGUAGE_STANDARD = gnu99;
				GCC_NO_COMMON_BLOCKS = YES;
				GCC_WARN_64_TO_32_BIT_CONVERSION = YES;
				GCC_WARN_ABOUT_RETURN_TYPE = YES_ERROR;
				GCC_WARN_UNDECLARED_SELECTOR = YES;
				GCC_WARN_UNINITIALIZED_AUTOS = YES_AGGRESSIVE;
				GCC_WARN_UNUSED_FUNCTION = YES;
				GCC_WARN_UNUSED_VARIABLE = YES;
				IPHONEOS_DEPLOYMENT_TARGET = 8.3;
				MTL_ENABLE_DEBUG_INFO = NO;
				SDKROOT = iphoneos;
				VALIDATE_PRODUCT = YES;
			};
			name = Release;
		};
		A00B1B071B29CE6000ED05FE /* Debug */ = {
			isa = XCBuildConfiguration;
			buildSettings = {
				ASSETCATALOG_COMPILER_APPICON_NAME = AppIcon;
				INFOPLIST_FILE = Magnet/Info.plist;
				IPHONEOS_DEPLOYMENT_TARGET = 6.0;
				LD_RUNPATH_SEARCH_PATHS = "$(inherited) @executable_path/Frameworks";
				PRODUCT_NAME = "$(TARGET_NAME)";
				TARGETED_DEVICE_FAMILY = 1;
			};
			name = Debug;
		};
		A00B1B081B29CE6000ED05FE /* Release */ = {
			isa = XCBuildConfiguration;
			buildSettings = {
				ASSETCATALOG_COMPILER_APPICON_NAME = AppIcon;
				INFOPLIST_FILE = Magnet/Info.plist;
				IPHONEOS_DEPLOYMENT_TARGET = 6.0;
				LD_RUNPATH_SEARCH_PATHS = "$(inherited) @executable_path/Frameworks";
				PRODUCT_NAME = "$(TARGET_NAME)";
				TARGETED_DEVICE_FAMILY = 1;
			};
			name = Release;
		};
		A00B1B0A1B29CE6000ED05FE /* Debug */ = {
			isa = XCBuildConfiguration;
			buildSettings = {
				BUNDLE_LOADER = "$(TEST_HOST)";
				FRAMEWORK_SEARCH_PATHS = (
					"$(SDKROOT)/Developer/Library/Frameworks",
					"$(inherited)",
				);
				GCC_PREPROCESSOR_DEFINITIONS = (
					"DEBUG=1",
					"$(inherited)",
				);
				INFOPLIST_FILE = MagnetTests/Info.plist;
				LD_RUNPATH_SEARCH_PATHS = "$(inherited) @executable_path/Frameworks @loader_path/Frameworks";
				PRODUCT_NAME = "$(TARGET_NAME)";
				TEST_HOST = "$(BUILT_PRODUCTS_DIR)/Magnet.app/Magnet";
			};
			name = Debug;
		};
		A00B1B0B1B29CE6000ED05FE /* Release */ = {
			isa = XCBuildConfiguration;
			buildSettings = {
				BUNDLE_LOADER = "$(TEST_HOST)";
				FRAMEWORK_SEARCH_PATHS = (
					"$(SDKROOT)/Developer/Library/Frameworks",
					"$(inherited)",
				);
				INFOPLIST_FILE = MagnetTests/Info.plist;
				LD_RUNPATH_SEARCH_PATHS = "$(inherited) @executable_path/Frameworks @loader_path/Frameworks";
				PRODUCT_NAME = "$(TARGET_NAME)";
				TEST_HOST = "$(BUILT_PRODUCTS_DIR)/Magnet.app/Magnet";
			};
			name = Release;
		};
/* End XCBuildConfiguration section */

/* Begin XCConfigurationList section */
		A00B1ADE1B29CE6000ED05FE /* Build configuration list for PBXProject "Magnet" */ = {
			isa = XCConfigurationList;
			buildConfigurations = (
				A00B1B041B29CE6000ED05FE /* Debug */,
				A00B1B051B29CE6000ED05FE /* Release */,
			);
			defaultConfigurationIsVisible = 0;
			defaultConfigurationName = Release;
		};
		A00B1B061B29CE6000ED05FE /* Build configuration list for PBXNativeTarget "Magnet" */ = {
			isa = XCConfigurationList;
			buildConfigurations = (
				A00B1B071B29CE6000ED05FE /* Debug */,
				A00B1B081B29CE6000ED05FE /* Release */,
			);
			defaultConfigurationIsVisible = 0;
		};
		A00B1B091B29CE6000ED05FE /* Build configuration list for PBXNativeTarget "MagnetTests" */ = {
			isa = XCConfigurationList;
			buildConfigurations = (
				A00B1B0A1B29CE6000ED05FE /* Debug */,
				A00B1B0B1B29CE6000ED05FE /* Release */,
			);
			defaultConfigurationIsVisible = 0;
		};
/* End XCConfigurationList section */
	};
	rootObject = A00B1ADB1B29CE6000ED05FE /* Project object */;
}
