// !$*UTF8*$!
{
	archiveVersion = 1;
	classes = {
	};
	objectVersion = 46;
	objects = {

/* Begin PBXBuildFile section */
		2F831E0B1B12AE6F00D940BB /* main.m in Sources */ = {isa = PBXBuildFile; fileRef = 2F831E0A1B12AE6F00D940BB /* main.m */; };
		2F831E0E1B12AE6F00D940BB /* AppDelegate.m in Sources */ = {isa = PBXBuildFile; fileRef = 2F831E0D1B12AE6F00D940BB /* AppDelegate.m */; };
		2F831E111B12AE6F00D940BB /* ViewController.m in Sources */ = {isa = PBXBuildFile; fileRef = 2F831E101B12AE6F00D940BB /* ViewController.m */; };
		2F831E141B12AE6F00D940BB /* Main.storyboard in Resources */ = {isa = PBXBuildFile; fileRef = 2F831E121B12AE6F00D940BB /* Main.storyboard */; };
		2F831E161B12AE6F00D940BB /* Images.xcassets in Resources */ = {isa = PBXBuildFile; fileRef = 2F831E151B12AE6F00D940BB /* Images.xcassets */; };
		2F831E191B12AE6F00D940BB /* LaunchScreen.xib in Resources */ = {isa = PBXBuildFile; fileRef = 2F831E171B12AE6F00D940BB /* LaunchScreen.xib */; };
		2F831E251B12AE7000D940BB /* GyroTests.m in Sources */ = {isa = PBXBuildFile; fileRef = 2F831E241B12AE7000D940BB /* GyroTests.m */; };
		2F831E2F1B12B7B100D940BB /* CoreMotion.framework in Frameworks */ = {isa = PBXBuildFile; fileRef = 2F831E2E1B12B7B100D940BB /* CoreMotion.framework */; };
/* End PBXBuildFile section */

/* Begin PBXContainerItemProxy section */
		2F831E1F1B12AE7000D940BB /* PBXContainerItemProxy */ = {
			isa = PBXContainerItemProxy;
			containerPortal = 2F831DFD1B12AE6F00D940BB /* Project object */;
			proxyType = 1;
			remoteGlobalIDString = 2F831E041B12AE6F00D940BB;
			remoteInfo = Gyro;
		};
/* End PBXContainerItemProxy section */

/* Begin PBXFileReference section */
		2F831E051B12AE6F00D940BB /* Gyro.app */ = {isa = PBXFileReference; explicitFileType = wrapper.application; includeInIndex = 0; path = Gyro.app; sourceTree = BUILT_PRODUCTS_DIR; };
		2F831E091B12AE6F00D940BB /* Info.plist */ = {isa = PBXFileReference; lastKnownFileType = text.plist.xml; path = Info.plist; sourceTree = "<group>"; };
		2F831E0A1B12AE6F00D940BB /* main.m */ = {isa = PBXFileReference; lastKnownFileType = sourcecode.c.objc; path = main.m; sourceTree = "<group>"; };
		2F831E0C1B12AE6F00D940BB /* AppDelegate.h */ = {isa = PBXFileReference; lastKnownFileType = sourcecode.c.h; path = AppDelegate.h; sourceTree = "<group>"; };
		2F831E0D1B12AE6F00D940BB /* AppDelegate.m */ = {isa = PBXFileReference; lastKnownFileType = sourcecode.c.objc; path = AppDelegate.m; sourceTree = "<group>"; };
		2F831E0F1B12AE6F00D940BB /* ViewController.h */ = {isa = PBXFileReference; lastKnownFileType = sourcecode.c.h; path = ViewController.h; sourceTree = "<group>"; };
		2F831E101B12AE6F00D940BB /* ViewController.m */ = {isa = PBXFileReference; lastKnownFileType = sourcecode.c.objc; path = ViewController.m; sourceTree = "<group>"; };
		2F831E131B12AE6F00D940BB /* Base */ = {isa = PBXFileReference; lastKnownFileType = file.storyboard; name = Base; path = Base.lproj/Main.storyboard; sourceTree = "<group>"; };
		2F831E151B12AE6F00D940BB /* Images.xcassets */ = {isa = PBXFileReference; lastKnownFileType = folder.assetcatalog; path = Images.xcassets; sourceTree = "<group>"; };
		2F831E181B12AE6F00D940BB /* Base */ = {isa = PBXFileReference; lastKnownFileType = file.xib; name = Base; path = Base.lproj/LaunchScreen.xib; sourceTree = "<group>"; };
		2F831E1E1B12AE7000D940BB /* GyroTests.xctest */ = {isa = PBXFileReference; explicitFileType = wrapper.cfbundle; includeInIndex = 0; path = GyroTests.xctest; sourceTree = BUILT_PRODUCTS_DIR; };
		2F831E231B12AE7000D940BB /* Info.plist */ = {isa = PBXFileReference; lastKnownFileType = text.plist.xml; path = Info.plist; sourceTree = "<group>"; };
		2F831E241B12AE7000D940BB /* GyroTests.m */ = {isa = PBXFileReference; lastKnownFileType = sourcecode.c.objc; path = GyroTests.m; sourceTree = "<group>"; };
		2F831E2E1B12B7B100D940BB /* CoreMotion.framework */ = {isa = PBXFileReference; lastKnownFileType = wrapper.framework; name = CoreMotion.framework; path = System/Library/Frameworks/CoreMotion.framework; sourceTree = SDKROOT; };
/* End PBXFileReference section */

/* Begin PBXFrameworksBuildPhase section */
		2F831E021B12AE6F00D940BB /* Frameworks */ = {
			isa = PBXFrameworksBuildPhase;
			buildActionMask = 2147483647;
			files = (
				2F831E2F1B12B7B100D940BB /* CoreMotion.framework in Frameworks */,
			);
			runOnlyForDeploymentPostprocessing = 0;
		};
		2F831E1B1B12AE7000D940BB /* Frameworks */ = {
			isa = PBXFrameworksBuildPhase;
			buildActionMask = 2147483647;
			files = (
			);
			runOnlyForDeploymentPostprocessing = 0;
		};
/* End PBXFrameworksBuildPhase section */

/* Begin PBXGroup section */
		2F831DFC1B12AE6F00D940BB = {
			isa = PBXGroup;
			children = (
				2F831E2E1B12B7B100D940BB /* CoreMotion.framework */,
				2F831E071B12AE6F00D940BB /* Gyro */,
				2F831E211B12AE7000D940BB /* GyroTests */,
				2F831E061B12AE6F00D940BB /* Products */,
			);
			sourceTree = "<group>";
		};
		2F831E061B12AE6F00D940BB /* Products */ = {
			isa = PBXGroup;
			children = (
				2F831E051B12AE6F00D940BB /* Gyro.app */,
				2F831E1E1B12AE7000D940BB /* GyroTests.xctest */,
			);
			name = Products;
			sourceTree = "<group>";
		};
		2F831E071B12AE6F00D940BB /* Gyro */ = {
			isa = PBXGroup;
			children = (
				2F831E0C1B12AE6F00D940BB /* AppDelegate.h */,
				2F831E0D1B12AE6F00D940BB /* AppDelegate.m */,
				2F831E0F1B12AE6F00D940BB /* ViewController.h */,
				2F831E101B12AE6F00D940BB /* ViewController.m */,
				2F831E121B12AE6F00D940BB /* Main.storyboard */,
				2F831E151B12AE6F00D940BB /* Images.xcassets */,
				2F831E171B12AE6F00D940BB /* LaunchScreen.xib */,
				2F831E081B12AE6F00D940BB /* Supporting Files */,
			);
			path = Gyro;
			sourceTree = "<group>";
		};
		2F831E081B12AE6F00D940BB /* Supporting Files */ = {
			isa = PBXGroup;
			children = (
				2F831E091B12AE6F00D940BB /* Info.plist */,
				2F831E0A1B12AE6F00D940BB /* main.m */,
			);
			name = "Supporting Files";
			sourceTree = "<group>";
		};
		2F831E211B12AE7000D940BB /* GyroTests */ = {
			isa = PBXGroup;
			children = (
				2F831E241B12AE7000D940BB /* GyroTests.m */,
				2F831E221B12AE7000D940BB /* Supporting Files */,
			);
			path = GyroTests;
			sourceTree = "<group>";
		};
		2F831E221B12AE7000D940BB /* Supporting Files */ = {
			isa = PBXGroup;
			children = (
				2F831E231B12AE7000D940BB /* Info.plist */,
			);
			name = "Supporting Files";
			sourceTree = "<group>";
		};
/* End PBXGroup section */

/* Begin PBXNativeTarget section */
		2F831E041B12AE6F00D940BB /* Gyro */ = {
			isa = PBXNativeTarget;
			buildConfigurationList = 2F831E281B12AE7000D940BB /* Build configuration list for PBXNativeTarget "Gyro" */;
			buildPhases = (
				2F831E011B12AE6F00D940BB /* Sources */,
				2F831E021B12AE6F00D940BB /* Frameworks */,
				2F831E031B12AE6F00D940BB /* Resources */,
			);
			buildRules = (
			);
			dependencies = (
			);
			name = Gyro;
			productName = Gyro;
			productReference = 2F831E051B12AE6F00D940BB /* Gyro.app */;
			productType = "com.apple.product-type.application";
		};
		2F831E1D1B12AE7000D940BB /* GyroTests */ = {
			isa = PBXNativeTarget;
			buildConfigurationList = 2F831E2B1B12AE7000D940BB /* Build configuration list for PBXNativeTarget "GyroTests" */;
			buildPhases = (
				2F831E1A1B12AE7000D940BB /* Sources */,
				2F831E1B1B12AE7000D940BB /* Frameworks */,
				2F831E1C1B12AE7000D940BB /* Resources */,
			);
			buildRules = (
			);
			dependencies = (
				2F831E201B12AE7000D940BB /* PBXTargetDependency */,
			);
			name = GyroTests;
			productName = GyroTests;
			productReference = 2F831E1E1B12AE7000D940BB /* GyroTests.xctest */;
			productType = "com.apple.product-type.bundle.unit-test";
		};
/* End PBXNativeTarget section */

/* Begin PBXProject section */
		2F831DFD1B12AE6F00D940BB /* Project object */ = {
			isa = PBXProject;
			attributes = {
				LastUpgradeCheck = 0630;
				ORGANIZATIONNAME = "Pengfei Tan";
				TargetAttributes = {
					2F831E041B12AE6F00D940BB = {
						CreatedOnToolsVersion = 6.3.2;
						DevelopmentTeam = S3XP72WELV;
					};
					2F831E1D1B12AE7000D940BB = {
						CreatedOnToolsVersion = 6.3.2;
						TestTargetID = 2F831E041B12AE6F00D940BB;
					};
				};
			};
			buildConfigurationList = 2F831E001B12AE6F00D940BB /* Build configuration list for PBXProject "Gyro" */;
			compatibilityVersion = "Xcode 3.2";
			developmentRegion = English;
			hasScannedForEncodings = 0;
			knownRegions = (
				en,
				Base,
			);
			mainGroup = 2F831DFC1B12AE6F00D940BB;
			productRefGroup = 2F831E061B12AE6F00D940BB /* Products */;
			projectDirPath = "";
			projectRoot = "";
			targets = (
				2F831E041B12AE6F00D940BB /* Gyro */,
				2F831E1D1B12AE7000D940BB /* GyroTests */,
			);
		};
/* End PBXProject section */

/* Begin PBXResourcesBuildPhase section */
		2F831E031B12AE6F00D940BB /* Resources */ = {
			isa = PBXResourcesBuildPhase;
			buildActionMask = 2147483647;
			files = (
				2F831E141B12AE6F00D940BB /* Main.storyboard in Resources */,
				2F831E191B12AE6F00D940BB /* LaunchScreen.xib in Resources */,
				2F831E161B12AE6F00D940BB /* Images.xcassets in Resources */,
			);
			runOnlyForDeploymentPostprocessing = 0;
		};
		2F831E1C1B12AE7000D940BB /* Resources */ = {
			isa = PBXResourcesBuildPhase;
			buildActionMask = 2147483647;
			files = (
			);
			runOnlyForDeploymentPostprocessing = 0;
		};
/* End PBXResourcesBuildPhase section */

/* Begin PBXSourcesBuildPhase section */
		2F831E011B12AE6F00D940BB /* Sources */ = {
			isa = PBXSourcesBuildPhase;
			buildActionMask = 2147483647;
			files = (
				2F831E111B12AE6F00D940BB /* ViewController.m in Sources */,
				2F831E0E1B12AE6F00D940BB /* AppDelegate.m in Sources */,
				2F831E0B1B12AE6F00D940BB /* main.m in Sources */,
			);
			runOnlyForDeploymentPostprocessing = 0;
		};
		2F831E1A1B12AE7000D940BB /* Sources */ = {
			isa = PBXSourcesBuildPhase;
			buildActionMask = 2147483647;
			files = (
				2F831E251B12AE7000D940BB /* GyroTests.m in Sources */,
			);
			runOnlyForDeploymentPostprocessing = 0;
		};
/* End PBXSourcesBuildPhase section */

/* Begin PBXTargetDependency section */
		2F831E201B12AE7000D940BB /* PBXTargetDependency */ = {
			isa = PBXTargetDependency;
			target = 2F831E041B12AE6F00D940BB /* Gyro */;
			targetProxy = 2F831E1F1B12AE7000D940BB /* PBXContainerItemProxy */;
		};
/* End PBXTargetDependency section */

/* Begin PBXVariantGroup section */
		2F831E121B12AE6F00D940BB /* Main.storyboard */ = {
			isa = PBXVariantGroup;
			children = (
				2F831E131B12AE6F00D940BB /* Base */,
			);
			name = Main.storyboard;
			sourceTree = "<group>";
		};
		2F831E171B12AE6F00D940BB /* LaunchScreen.xib */ = {
			isa = PBXVariantGroup;
			children = (
				2F831E181B12AE6F00D940BB /* Base */,
			);
			name = LaunchScreen.xib;
			sourceTree = "<group>";
		};
/* End PBXVariantGroup section */

/* Begin XCBuildConfiguration section */
		2F831E261B12AE7000D940BB /* Debug */ = {
			isa = XCBuildConfiguration;
			buildSettings = {
				ALWAYS_SEARCH_USER_PATHS = NO;
				CLANG_CXX_LANGUAGE_STANDARD = "gnu++0x";
				CLANG_CXX_LIBRARY = "libc++";
				CLANG_ENABLE_MODULES = YES;
				CLANG_ENABLE_OBJC_ARC = YES;
				CLANG_WARN_BOOL_CONVERSION = YES;
				CLANG_WARN_CONSTANT_CONVERSION = YES;
				CLANG_WARN_DIRECT_OBJC_ISA_USAGE = YES_ERROR;
				CLANG_WARN_EMPTY_BODY = YES;
				CLANG_WARN_ENUM_CONVERSION = YES;
				CLANG_WARN_INT_CONVERSION = YES;
				CLANG_WARN_OBJC_ROOT_CLASS = YES_ERROR;
				CLANG_WARN_UNREACHABLE_CODE = YES;
				CLANG_WARN__DUPLICATE_METHOD_MATCH = YES;
				"CODE_SIGN_IDENTITY[sdk=iphoneos*]" = "iPhone Developer";
				COPY_PHASE_STRIP = NO;
				DEBUG_INFORMATION_FORMAT = "dwarf-with-dsym";
				ENABLE_STRICT_OBJC_MSGSEND = YES;
				GCC_C_LANGUAGE_STANDARD = gnu99;
				GCC_DYNAMIC_NO_PIC = NO;
				GCC_NO_COMMON_BLOCKS = YES;
				GCC_OPTIMIZATION_LEVEL = 0;
				GCC_PREPROCESSOR_DEFINITIONS = (
					"DEBUG=1",
					"$(inherited)",
				);
				GCC_SYMBOLS_PRIVATE_EXTERN = NO;
				GCC_WARN_64_TO_32_BIT_CONVERSION = YES;
				GCC_WARN_ABOUT_RETURN_TYPE = YES_ERROR;
				GCC_WARN_UNDECLARED_SELECTOR = YES;
				GCC_WARN_UNINITIALIZED_AUTOS = YES_AGGRESSIVE;
				GCC_WARN_UNUSED_FUNCTION = YES;
				GCC_WARN_UNUSED_VARIABLE = YES;
				IPHONEOS_DEPLOYMENT_TARGET = 8.3;
				MTL_ENABLE_DEBUG_INFO = YES;
				ONLY_ACTIVE_ARCH = YES;
				SDKROOT = iphoneos;
			};
			name = Debug;
		};
		2F831E271B12AE7000D940BB /* Release */ = {
			isa = XCBuildConfiguration;
			buildSettings = {
				ALWAYS_SEARCH_USER_PATHS = NO;
				CLANG_CXX_LANGUAGE_STANDARD = "gnu++0x";
				CLANG_CXX_LIBRARY = "libc++";
				CLANG_ENABLE_MODULES = YES;
				CLANG_ENABLE_OBJC_ARC = YES;
				CLANG_WARN_BOOL_CONVERSION = YES;
				CLANG_WARN_CONSTANT_CONVERSION = YES;
				CLANG_WARN_DIRECT_OBJC_ISA_USAGE = YES_ERROR;
				CLANG_WARN_EMPTY_BODY = YES;
				CLANG_WARN_ENUM_CONVERSION = YES;
				CLANG_WARN_INT_CONVERSION = YES;
				CLANG_WARN_OBJC_ROOT_CLASS = YES_ERROR;
				CLANG_WARN_UNREACHABLE_CODE = YES;
				CLANG_WARN__DUPLICATE_METHOD_MATCH = YES;
				"CODE_SIGN_IDENTITY[sdk=iphoneos*]" = "iPhone Developer";
				COPY_PHASE_STRIP = NO;
				DEBUG_INFORMATION_FORMAT = "dwarf-with-dsym";
				ENABLE_NS_ASSERTIONS = NO;
				ENABLE_STRICT_OBJC_MSGSEND = YES;
				GCC_C_LANGUAGE_STANDARD = gnu99;
				GCC_NO_COMMON_BLOCKS = YES;
				GCC_WARN_64_TO_32_BIT_CONVERSION = YES;
				GCC_WARN_ABOUT_RETURN_TYPE = YES_ERROR;
				GCC_WARN_UNDECLARED_SELECTOR = YES;
				GCC_WARN_UNINITIALIZED_AUTOS = YES_AGGRESSIVE;
				GCC_WARN_UNUSED_FUNCTION = YES;
				GCC_WARN_UNUSED_VARIABLE = YES;
				IPHONEOS_DEPLOYMENT_TARGET = 8.3;
				MTL_ENABLE_DEBUG_INFO = NO;
				SDKROOT = iphoneos;
				VALIDATE_PRODUCT = YES;
			};
			name = Release;
		};
		2F831E291B12AE7000D940BB /* Debug */ = {
			isa = XCBuildConfiguration;
			buildSettings = {
				ASSETCATALOG_COMPILER_APPICON_NAME = AppIcon;
				CODE_SIGN_IDENTITY = "iPhone Developer";
				"CODE_SIGN_IDENTITY[sdk=iphoneos*]" = "iPhone Developer";
				INFOPLIST_FILE = Gyro/Info.plist;
				IPHONEOS_DEPLOYMENT_TARGET = 6.1;
				LD_RUNPATH_SEARCH_PATHS = "$(inherited) @executable_path/Frameworks";
				PRODUCT_NAME = "$(TARGET_NAME)";
				PROVISIONING_PROFILE = "";
			};
			name = Debug;
		};
		2F831E2A1B12AE7000D940BB /* Release */ = {
			isa = XCBuildConfiguration;
			buildSettings = {
				ASSETCATALOG_COMPILER_APPICON_NAME = AppIcon;
				CODE_SIGN_IDENTITY = "iPhone Developer";
				"CODE_SIGN_IDENTITY[sdk=iphoneos*]" = "iPhone Developer";
				INFOPLIST_FILE = Gyro/Info.plist;
				IPHONEOS_DEPLOYMENT_TARGET = 6.1;
				LD_RUNPATH_SEARCH_PATHS = "$(inherited) @executable_path/Frameworks";
				PRODUCT_NAME = "$(TARGET_NAME)";
				PROVISIONING_PROFILE = "";
			};
			name = Release;
		};
		2F831E2C1B12AE7000D940BB /* Debug */ = {
			isa = XCBuildConfiguration;
			buildSettings = {
				BUNDLE_LOADER = "$(TEST_HOST)";
				FRAMEWORK_SEARCH_PATHS = (
					"$(SDKROOT)/Developer/Library/Frameworks",
					"$(inherited)",
				);
				GCC_PREPROCESSOR_DEFINITIONS = (
					"DEBUG=1",
					"$(inherited)",
				);
				INFOPLIST_FILE = GyroTests/Info.plist;
				LD_RUNPATH_SEARCH_PATHS = "$(inherited) @executable_path/Frameworks @loader_path/Frameworks";
				PRODUCT_NAME = "$(TARGET_NAME)";
				TEST_HOST = "$(BUILT_PRODUCTS_DIR)/Gyro.app/Gyro";
			};
			name = Debug;
		};
		2F831E2D1B12AE7000D940BB /* Release */ = {
			isa = XCBuildConfiguration;
			buildSettings = {
				BUNDLE_LOADER = "$(TEST_HOST)";
				FRAMEWORK_SEARCH_PATHS = (
					"$(SDKROOT)/Developer/Library/Frameworks",
					"$(inherited)",
				);
				INFOPLIST_FILE = GyroTests/Info.plist;
				LD_RUNPATH_SEARCH_PATHS = "$(inherited) @executable_path/Frameworks @loader_path/Frameworks";
				PRODUCT_NAME = "$(TARGET_NAME)";
				TEST_HOST = "$(BUILT_PRODUCTS_DIR)/Gyro.app/Gyro";
			};
			name = Release;
		};
/* End XCBuildConfiguration section */

/* Begin XCConfigurationList section */
		2F831E001B12AE6F00D940BB /* Build configuration list for PBXProject "Gyro" */ = {
			isa = XCConfigurationList;
			buildConfigurations = (
				2F831E261B12AE7000D940BB /* Debug */,
				2F831E271B12AE7000D940BB /* Release */,
			);
			defaultConfigurationIsVisible = 0;
			defaultConfigurationName = Release;
		};
		2F831E281B12AE7000D940BB /* Build configuration list for PBXNativeTarget "Gyro" */ = {
			isa = XCConfigurationList;
			buildConfigurations = (
				2F831E291B12AE7000D940BB /* Debug */,
				2F831E2A1B12AE7000D940BB /* Release */,
			);
			defaultConfigurationIsVisible = 0;
		};
		2F831E2B1B12AE7000D940BB /* Build configuration list for PBXNativeTarget "GyroTests" */ = {
			isa = XCConfigurationList;
			buildConfigurations = (
				2F831E2C1B12AE7000D940BB /* Debug */,
				2F831E2D1B12AE7000D940BB /* Release */,
			);
			defaultConfigurationIsVisible = 0;
		};
/* End XCConfigurationList section */
	};
	rootObject = 2F831DFD1B12AE6F00D940BB /* Project object */;
}
