// !$*UTF8*$!
{
	archiveVersion = 1;
	classes = {
	};
	objectVersion = 46;
	objects = {

/* Begin PBXBuildFile section */
		A003EC161B1E4DD900AE8246 /* main.m in Sources */ = {isa = PBXBuildFile; fileRef = A003EC151B1E4DD900AE8246 /* main.m */; };
		A003EC191B1E4DD900AE8246 /* AppDelegate.m in Sources */ = {isa = PBXBuildFile; fileRef = A003EC181B1E4DD900AE8246 /* AppDelegate.m */; };
		A003EC1C1B1E4DD900AE8246 /* ViewController.mm in Sources */ = {isa = PBXBuildFile; fileRef = A003EC1B1B1E4DD900AE8246 /* ViewController.mm */; };
		A003EC1F1B1E4DD900AE8246 /* Main.storyboard in Resources */ = {isa = PBXBuildFile; fileRef = A003EC1D1B1E4DD900AE8246 /* Main.storyboard */; };
		A003EC241B1E4DD900AE8246 /* LaunchScreen.xib in Resources */ = {isa = PBXBuildFile; fileRef = A003EC221B1E4DD900AE8246 /* LaunchScreen.xib */; };
		A003EC301B1E4DDA00AE8246 /* SuperVision__GogglesTests.m in Sources */ = {isa = PBXBuildFile; fileRef = A003EC2F1B1E4DDA00AE8246 /* SuperVision__GogglesTests.m */; };
		A00D071F1B4AF9DA00ED27FD /* Gyro.mm in Sources */ = {isa = PBXBuildFile; fileRef = A00D071D1B4AF9DA00ED27FD /* Gyro.mm */; };
		A00D07251B4DB18C00ED27FD /* HelpViewController.mm in Sources */ = {isa = PBXBuildFile; fileRef = A00D07231B4DB18C00ED27FD /* HelpViewController.mm */; };
		A00D07261B4DB18C00ED27FD /* HelpViewController.xib in Resources */ = {isa = PBXBuildFile; fileRef = A00D07241B4DB18C00ED27FD /* HelpViewController.xib */; };
		A00D072D1B4DB47300ED27FD /* undo.png in Resources */ = {isa = PBXBuildFile; fileRef = A00D072C1B4DB47300ED27FD /* undo.png */; };
		A00D07301B4EB9A600ED27FD /* SVHelpScrollView.m in Sources */ = {isa = PBXBuildFile; fileRef = A00D072F1B4EB9A600ED27FD /* SVHelpScrollView.m */; };
		A037E9041B45D9E300DA7961 /* MagnetSensor.mm in Sources */ = {isa = PBXBuildFile; fileRef = A037E9031B45D9E300DA7961 /* MagnetSensor.mm */; };
		A037E9071B45DB7100DA7961 /* Accelerometer.mm in Sources */ = {isa = PBXBuildFile; fileRef = A037E9051B45DB7100DA7961 /* Accelerometer.mm */; };
		A037E9091B45DBDC00DA7961 /* CoreMotion.framework in Frameworks */ = {isa = PBXBuildFile; fileRef = A037E9081B45DBDC00DA7961 /* CoreMotion.framework */; };
		A05C11021B4EF66500B409B6 /* ImageProcess.mm in Sources */ = {isa = PBXBuildFile; fileRef = A05C11011B4EF66500B409B6 /* ImageProcess.mm */; };
		A05C11041B4EF6E400B409B6 /* opencv2.framework in Frameworks */ = {isa = PBXBuildFile; fileRef = A05C11031B4EF6E400B409B6 /* opencv2.framework */; };
		A05C11061B4EF84400B409B6 /* Foundation.framework in Frameworks */ = {isa = PBXBuildFile; fileRef = A05C11051B4EF84400B409B6 /* Foundation.framework */; };
		A05C11081B4F0BEE00B409B6 /* CoreMedia.framework in Frameworks */ = {isa = PBXBuildFile; fileRef = A05C11071B4F0BEE00B409B6 /* CoreMedia.framework */; };
		A05C110A1B4F0BF600B409B6 /* CoreVideo.framework in Frameworks */ = {isa = PBXBuildFile; fileRef = A05C11091B4F0BF600B409B6 /* CoreVideo.framework */; };
		A05C110C1B4F0BFD00B409B6 /* ImageIO.framework in Frameworks */ = {isa = PBXBuildFile; fileRef = A05C110B1B4F0BFD00B409B6 /* ImageIO.framework */; };
		A05C110E1B504C5400B409B6 /* CoreGraphics.framework in Frameworks */ = {isa = PBXBuildFile; fileRef = A05C110D1B504C5400B409B6 /* CoreGraphics.framework */; };
		A05C11101B504C9600B409B6 /* UIKit.framework in Frameworks */ = {isa = PBXBuildFile; fileRef = A05C110F1B504C9600B409B6 /* UIKit.framework */; };
		A05C11161B50557F00B409B6 /* GLKit.framework in Frameworks */ = {isa = PBXBuildFile; fileRef = A05C11151B50557F00B409B6 /* GLKit.framework */; };
		A0D9CE9E1B6954B400E3D01F /* libMobClickLibrary.a in Frameworks */ = {isa = PBXBuildFile; fileRef = A0D9CE9C1B6954B400E3D01F /* libMobClickLibrary.a */; };
		A0D9CEA01B69750100E3D01F /* Images.xcassets in Resources */ = {isa = PBXBuildFile; fileRef = A0D9CE9F1B69750100E3D01F /* Images.xcassets */; };
		A0F638E71B62888400964FF8 /* libz.dylib in Frameworks */ = {isa = PBXBuildFile; fileRef = A0F638E61B62888400964FF8 /* libz.dylib */; };
		A0F6CBD41B432C7C00460AF3 /* empty.png in Resources */ = {isa = PBXBuildFile; fileRef = A0F6CBC71B432C7C00460AF3 /* empty.png */; };
		A0F6CBD51B432C7C00460AF3 /* exit.png in Resources */ = {isa = PBXBuildFile; fileRef = A0F6CBC81B432C7C00460AF3 /* exit.png */; };
		A0F6CBD61B432C7C00460AF3 /* flashlight_selected.png in Resources */ = {isa = PBXBuildFile; fileRef = A0F6CBC91B432C7C00460AF3 /* flashlight_selected.png */; };
		A0F6CBD71B432C7C00460AF3 /* flashlight.png in Resources */ = {isa = PBXBuildFile; fileRef = A0F6CBCA1B432C7C00460AF3 /* flashlight.png */; };
		A0F6CBD81B432C7C00460AF3 /* flashoff.png in Resources */ = {isa = PBXBuildFile; fileRef = A0F6CBCB1B432C7C00460AF3 /* flashoff.png */; };
		A0F6CBD91B432C7C00460AF3 /* flashon.png in Resources */ = {isa = PBXBuildFile; fileRef = A0F6CBCC1B432C7C00460AF3 /* flashon.png */; };
		A0F6CBDA1B432C7C00460AF3 /* help.png in Resources */ = {isa = PBXBuildFile; fileRef = A0F6CBCD1B432C7C00460AF3 /* help.png */; };
		A0F6CBDB1B432C7C00460AF3 /* image_selected.png in Resources */ = {isa = PBXBuildFile; fileRef = A0F6CBCE1B432C7C00460AF3 /* image_selected.png */; };
		A0F6CBDC1B432C7C00460AF3 /* image.png in Resources */ = {isa = PBXBuildFile; fileRef = A0F6CBCF1B432C7C00460AF3 /* image.png */; };
		A0F6CBDD1B432C7C00460AF3 /* info.png in Resources */ = {isa = PBXBuildFile; fileRef = A0F6CBD01B432C7C00460AF3 /* info.png */; };
		A0F6CBDE1B432C7C00460AF3 /* slider.png in Resources */ = {isa = PBXBuildFile; fileRef = A0F6CBD11B432C7C00460AF3 /* slider.png */; };
		A0F6CBDF1B432C7C00460AF3 /* sliderthumb.png in Resources */ = {isa = PBXBuildFile; fileRef = A0F6CBD21B432C7C00460AF3 /* sliderthumb.png */; };
		A0F6CBE01B432C7C00460AF3 /* zoom.png in Resources */ = {isa = PBXBuildFile; fileRef = A0F6CBD31B432C7C00460AF3 /* zoom.png */; };
		A0F6CBE61B4337D900460AF3 /* SVSlider.m in Sources */ = {isa = PBXBuildFile; fileRef = A0F6CBE51B4337D900460AF3 /* SVSlider.m */; };
		A0F6CC111B446FAC00460AF3 /* AVFoundation.framework in Frameworks */ = {isa = PBXBuildFile; fileRef = A0F6CC101B446FAC00460AF3 /* AVFoundation.framework */; };
		A0F6CC1B1B44863800460AF3 /* SVScrollView.m in Sources */ = {isa = PBXBuildFile; fileRef = A0F6CC1A1B44863800460AF3 /* SVScrollView.m */; };
/* End PBXBuildFile section */

/* Begin PBXContainerItemProxy section */
		A003EC2A1B1E4DDA00AE8246 /* PBXContainerItemProxy */ = {
			isa = PBXContainerItemProxy;
			containerPortal = A003EC081B1E4DD900AE8246 /* Project object */;
			proxyType = 1;
			remoteGlobalIDString = A003EC0F1B1E4DD900AE8246;
			remoteInfo = "SuperVision+ Goggles";
		};
/* End PBXContainerItemProxy section */

/* Begin PBXFileReference section */
		A003EC101B1E4DD900AE8246 /* SuperVision Goggles.app */ = {isa = PBXFileReference; explicitFileType = wrapper.application; includeInIndex = 0; path = "SuperVision Goggles.app"; sourceTree = BUILT_PRODUCTS_DIR; };
		A003EC141B1E4DD900AE8246 /* Info.plist */ = {isa = PBXFileReference; lastKnownFileType = text.plist.xml; path = Info.plist; sourceTree = "<group>"; };
		A003EC151B1E4DD900AE8246 /* main.m */ = {isa = PBXFileReference; lastKnownFileType = sourcecode.c.objc; path = main.m; sourceTree = "<group>"; };
		A003EC171B1E4DD900AE8246 /* AppDelegate.h */ = {isa = PBXFileReference; lastKnownFileType = sourcecode.c.h; path = AppDelegate.h; sourceTree = "<group>"; };
		A003EC181B1E4DD900AE8246 /* AppDelegate.m */ = {isa = PBXFileReference; lastKnownFileType = sourcecode.c.objc; path = AppDelegate.m; sourceTree = "<group>"; };
		A003EC1A1B1E4DD900AE8246 /* ViewController.h */ = {isa = PBXFileReference; lastKnownFileType = sourcecode.c.h; path = ViewController.h; sourceTree = "<group>"; };
		A003EC1B1B1E4DD900AE8246 /* ViewController.mm */ = {isa = PBXFileReference; lastKnownFileType = sourcecode.cpp.objcpp; path = ViewController.mm; sourceTree = "<group>"; };
		A003EC1E1B1E4DD900AE8246 /* Base */ = {isa = PBXFileReference; lastKnownFileType = file.storyboard; name = Base; path = Base.lproj/Main.storyboard; sourceTree = "<group>"; };
		A003EC231B1E4DD900AE8246 /* Base */ = {isa = PBXFileReference; lastKnownFileType = file.xib; name = Base; path = Base.lproj/LaunchScreen.xib; sourceTree = "<group>"; };
		A003EC291B1E4DDA00AE8246 /* SuperVision+ GogglesTests.xctest */ = {isa = PBXFileReference; explicitFileType = wrapper.cfbundle; includeInIndex = 0; path = "SuperVision+ GogglesTests.xctest"; sourceTree = BUILT_PRODUCTS_DIR; };
		A003EC2E1B1E4DDA00AE8246 /* Info.plist */ = {isa = PBXFileReference; lastKnownFileType = text.plist.xml; path = Info.plist; sourceTree = "<group>"; };
		A003EC2F1B1E4DDA00AE8246 /* SuperVision__GogglesTests.m */ = {isa = PBXFileReference; lastKnownFileType = sourcecode.c.objc; path = SuperVision__GogglesTests.m; sourceTree = "<group>"; };
		A00D071D1B4AF9DA00ED27FD /* Gyro.mm */ = {isa = PBXFileReference; fileEncoding = 4; lastKnownFileType = sourcecode.cpp.objcpp; name = Gyro.mm; path = Sections/Motion/Gyro.mm; sourceTree = "<group>"; };
		A00D071E1B4AF9DA00ED27FD /* Gyro.h */ = {isa = PBXFileReference; fileEncoding = 4; lastKnownFileType = sourcecode.c.h; name = Gyro.h; path = Sections/Motion/Gyro.h; sourceTree = "<group>"; };
		A00D07221B4DB18C00ED27FD /* HelpViewController.h */ = {isa = PBXFileReference; fileEncoding = 4; lastKnownFileType = sourcecode.c.h; name = HelpViewController.h; path = Sections/Help/HelpViewController.h; sourceTree = "<group>"; };
		A00D07231B4DB18C00ED27FD /* HelpViewController.mm */ = {isa = PBXFileReference; fileEncoding = 4; lastKnownFileType = sourcecode.cpp.objcpp; name = HelpViewController.mm; path = Sections/Help/HelpViewController.mm; sourceTree = "<group>"; };
		A00D07241B4DB18C00ED27FD /* HelpViewController.xib */ = {isa = PBXFileReference; fileEncoding = 4; lastKnownFileType = file.xib; name = HelpViewController.xib; path = Sections/Help/HelpViewController.xib; sourceTree = "<group>"; };
		A00D072C1B4DB47300ED27FD /* undo.png */ = {isa = PBXFileReference; lastKnownFileType = image.png; name = undo.png; path = Resources/Images/Buttons/undo.png; sourceTree = "<group>"; };
		A00D072E1B4EB9A600ED27FD /* SVHelpScrollView.h */ = {isa = PBXFileReference; fileEncoding = 4; lastKnownFileType = sourcecode.c.h; name = SVHelpScrollView.h; path = Models/SVHelpScrollView.h; sourceTree = "<group>"; };
		A00D072F1B4EB9A600ED27FD /* SVHelpScrollView.m */ = {isa = PBXFileReference; fileEncoding = 4; lastKnownFileType = sourcecode.c.objc; name = SVHelpScrollView.m; path = Models/SVHelpScrollView.m; sourceTree = "<group>"; };
		A037E8FE1B45D91300DA7961 /* MagnetSensor.h */ = {isa = PBXFileReference; lastKnownFileType = sourcecode.c.h; name = MagnetSensor.h; path = Sections/Motion/MagnetSensor.h; sourceTree = "<group>"; };
		A037E9031B45D9E300DA7961 /* MagnetSensor.mm */ = {isa = PBXFileReference; fileEncoding = 4; lastKnownFileType = sourcecode.cpp.objcpp; name = MagnetSensor.mm; path = Sections/Motion/MagnetSensor.mm; sourceTree = "<group>"; };
		A037E9051B45DB7100DA7961 /* Accelerometer.mm */ = {isa = PBXFileReference; fileEncoding = 4; lastKnownFileType = sourcecode.cpp.objcpp; name = Accelerometer.mm; path = Sections/Motion/Accelerometer.mm; sourceTree = "<group>"; };
		A037E9061B45DB7100DA7961 /* Accelerometer.h */ = {isa = PBXFileReference; fileEncoding = 4; lastKnownFileType = sourcecode.c.h; name = Accelerometer.h; path = Sections/Motion/Accelerometer.h; sourceTree = "<group>"; };
		A037E9081B45DBDC00DA7961 /* CoreMotion.framework */ = {isa = PBXFileReference; lastKnownFileType = wrapper.framework; name = CoreMotion.framework; path = System/Library/Frameworks/CoreMotion.framework; sourceTree = SDKROOT; };
		A05C11001B4EF66500B409B6 /* ImageProcess.h */ = {isa = PBXFileReference; fileEncoding = 4; lastKnownFileType = sourcecode.c.h; name = ImageProcess.h; path = "Sections/Image Process/ImageProcess.h"; sourceTree = "<group>"; };
		A05C11011B4EF66500B409B6 /* ImageProcess.mm */ = {isa = PBXFileReference; fileEncoding = 4; lastKnownFileType = sourcecode.cpp.objcpp; name = ImageProcess.mm; path = "Sections/Image Process/ImageProcess.mm"; sourceTree = "<group>"; };
		A05C11031B4EF6E400B409B6 /* opencv2.framework */ = {isa = PBXFileReference; lastKnownFileType = wrapper.framework; name = opencv2.framework; path = Framework/opencv2.framework; sourceTree = "<group>"; };
		A05C11051B4EF84400B409B6 /* Foundation.framework */ = {isa = PBXFileReference; lastKnownFileType = wrapper.framework; name = Foundation.framework; path = System/Library/Frameworks/Foundation.framework; sourceTree = SDKROOT; };
		A05C11071B4F0BEE00B409B6 /* CoreMedia.framework */ = {isa = PBXFileReference; lastKnownFileType = wrapper.framework; name = CoreMedia.framework; path = System/Library/Frameworks/CoreMedia.framework; sourceTree = SDKROOT; };
		A05C11091B4F0BF600B409B6 /* CoreVideo.framework */ = {isa = PBXFileReference; lastKnownFileType = wrapper.framework; name = CoreVideo.framework; path = System/Library/Frameworks/CoreVideo.framework; sourceTree = SDKROOT; };
		A05C110B1B4F0BFD00B409B6 /* ImageIO.framework */ = {isa = PBXFileReference; lastKnownFileType = wrapper.framework; name = ImageIO.framework; path = System/Library/Frameworks/ImageIO.framework; sourceTree = SDKROOT; };
		A05C110D1B504C5400B409B6 /* CoreGraphics.framework */ = {isa = PBXFileReference; lastKnownFileType = wrapper.framework; name = CoreGraphics.framework; path = System/Library/Frameworks/CoreGraphics.framework; sourceTree = SDKROOT; };
		A05C110F1B504C9600B409B6 /* UIKit.framework */ = {isa = PBXFileReference; lastKnownFileType = wrapper.framework; name = UIKit.framework; path = System/Library/Frameworks/UIKit.framework; sourceTree = SDKROOT; };
		A05C11151B50557F00B409B6 /* GLKit.framework */ = {isa = PBXFileReference; lastKnownFileType = wrapper.framework; name = GLKit.framework; path = System/Library/Frameworks/GLKit.framework; sourceTree = SDKROOT; };
		A0D9CE9C1B6954B400E3D01F /* libMobClickLibrary.a */ = {isa = PBXFileReference; lastKnownFileType = archive.ar; path = libMobClickLibrary.a; sourceTree = "<group>"; };
		A0D9CE9D1B6954B400E3D01F /* MobClick.h */ = {isa = PBXFileReference; fileEncoding = 4; lastKnownFileType = sourcecode.c.h; path = MobClick.h; sourceTree = "<group>"; };
		A0D9CE9F1B69750100E3D01F /* Images.xcassets */ = {isa = PBXFileReference; lastKnownFileType = folder.assetcatalog; path = Images.xcassets; sourceTree = "<group>"; };
		A0F638E61B62888400964FF8 /* libz.dylib */ = {isa = PBXFileReference; lastKnownFileType = "compiled.mach-o.dylib"; name = libz.dylib; path = usr/lib/libz.dylib; sourceTree = SDKROOT; };
		A0F6CBC71B432C7C00460AF3 /* empty.png */ = {isa = PBXFileReference; lastKnownFileType = image.png; name = empty.png; path = Resources/Images/Buttons/empty.png; sourceTree = "<group>"; };
		A0F6CBC81B432C7C00460AF3 /* exit.png */ = {isa = PBXFileReference; lastKnownFileType = image.png; name = exit.png; path = Resources/Images/Buttons/exit.png; sourceTree = "<group>"; };
		A0F6CBC91B432C7C00460AF3 /* flashlight_selected.png */ = {isa = PBXFileReference; lastKnownFileType = image.png; name = flashlight_selected.png; path = Resources/Images/Buttons/flashlight_selected.png; sourceTree = "<group>"; };
		A0F6CBCA1B432C7C00460AF3 /* flashlight.png */ = {isa = PBXFileReference; lastKnownFileType = image.png; name = flashlight.png; path = Resources/Images/Buttons/flashlight.png; sourceTree = "<group>"; };
		A0F6CBCB1B432C7C00460AF3 /* flashoff.png */ = {isa = PBXFileReference; lastKnownFileType = image.png; name = flashoff.png; path = Resources/Images/Buttons/flashoff.png; sourceTree = "<group>"; };
		A0F6CBCC1B432C7C00460AF3 /* flashon.png */ = {isa = PBXFileReference; lastKnownFileType = image.png; name = flashon.png; path = Resources/Images/Buttons/flashon.png; sourceTree = "<group>"; };
		A0F6CBCD1B432C7C00460AF3 /* help.png */ = {isa = PBXFileReference; lastKnownFileType = image.png; name = help.png; path = Resources/Images/Buttons/help.png; sourceTree = "<group>"; };
		A0F6CBCE1B432C7C00460AF3 /* image_selected.png */ = {isa = PBXFileReference; lastKnownFileType = image.png; name = image_selected.png; path = Resources/Images/Buttons/image_selected.png; sourceTree = "<group>"; };
		A0F6CBCF1B432C7C00460AF3 /* image.png */ = {isa = PBXFileReference; lastKnownFileType = image.png; name = image.png; path = Resources/Images/Buttons/image.png; sourceTree = "<group>"; };
		A0F6CBD01B432C7C00460AF3 /* info.png */ = {isa = PBXFileReference; lastKnownFileType = image.png; name = info.png; path = Resources/Images/Buttons/info.png; sourceTree = "<group>"; };
		A0F6CBD11B432C7C00460AF3 /* slider.png */ = {isa = PBXFileReference; lastKnownFileType = image.png; name = slider.png; path = Resources/Images/Buttons/slider.png; sourceTree = "<group>"; };
		A0F6CBD21B432C7C00460AF3 /* sliderthumb.png */ = {isa = PBXFileReference; lastKnownFileType = image.png; name = sliderthumb.png; path = Resources/Images/Buttons/sliderthumb.png; sourceTree = "<group>"; };
		A0F6CBD31B432C7C00460AF3 /* zoom.png */ = {isa = PBXFileReference; lastKnownFileType = image.png; name = zoom.png; path = Resources/Images/Buttons/zoom.png; sourceTree = "<group>"; };
		A0F6CBE41B4337D900460AF3 /* SVSlider.h */ = {isa = PBXFileReference; fileEncoding = 4; lastKnownFileType = sourcecode.c.h; name = SVSlider.h; path = Models/SVSlider.h; sourceTree = "<group>"; };
		A0F6CBE51B4337D900460AF3 /* SVSlider.m */ = {isa = PBXFileReference; fileEncoding = 4; lastKnownFileType = sourcecode.c.objc; name = SVSlider.m; path = Models/SVSlider.m; sourceTree = "<group>"; };
		A0F6CC101B446FAC00460AF3 /* AVFoundation.framework */ = {isa = PBXFileReference; lastKnownFileType = wrapper.framework; name = AVFoundation.framework; path = System/Library/Frameworks/AVFoundation.framework; sourceTree = SDKROOT; };
		A0F6CC191B44863800460AF3 /* SVScrollView.h */ = {isa = PBXFileReference; fileEncoding = 4; lastKnownFileType = sourcecode.c.h; name = SVScrollView.h; path = Models/SVScrollView.h; sourceTree = "<group>"; };
		A0F6CC1A1B44863800460AF3 /* SVScrollView.m */ = {isa = PBXFileReference; fileEncoding = 4; lastKnownFileType = sourcecode.c.objc; name = SVScrollView.m; path = Models/SVScrollView.m; sourceTree = "<group>"; };
/* End PBXFileReference section */

/* Begin PBXFrameworksBuildPhase section */
		A003EC0D1B1E4DD900AE8246 /* Frameworks */ = {
			isa = PBXFrameworksBuildPhase;
			buildActionMask = 2147483647;
			files = (
				A0F638E71B62888400964FF8 /* libz.dylib in Frameworks */,
				A05C11161B50557F00B409B6 /* GLKit.framework in Frameworks */,
				A05C11101B504C9600B409B6 /* UIKit.framework in Frameworks */,
				A0D9CE9E1B6954B400E3D01F /* libMobClickLibrary.a in Frameworks */,
				A05C110E1B504C5400B409B6 /* CoreGraphics.framework in Frameworks */,
				A05C110C1B4F0BFD00B409B6 /* ImageIO.framework in Frameworks */,
				A05C110A1B4F0BF600B409B6 /* CoreVideo.framework in Frameworks */,
				A05C11081B4F0BEE00B409B6 /* CoreMedia.framework in Frameworks */,
				A05C11061B4EF84400B409B6 /* Foundation.framework in Frameworks */,
				A05C11041B4EF6E400B409B6 /* opencv2.framework in Frameworks */,
				A037E9091B45DBDC00DA7961 /* CoreMotion.framework in Frameworks */,
				A0F6CC111B446FAC00460AF3 /* AVFoundation.framework in Frameworks */,
			);
			runOnlyForDeploymentPostprocessing = 0;
		};
		A003EC261B1E4DDA00AE8246 /* Frameworks */ = {
			isa = PBXFrameworksBuildPhase;
			buildActionMask = 2147483647;
			files = (
			);
			runOnlyForDeploymentPostprocessing = 0;
		};
/* End PBXFrameworksBuildPhase section */

/* Begin PBXGroup section */
		A003EC071B1E4DD900AE8246 = {
			isa = PBXGroup;
			children = (
				A003EC121B1E4DD900AE8246 /* SuperVision+ Goggles */,
				A003EC2C1B1E4DDA00AE8246 /* SuperVision+ GogglesTests */,
				A0F6CC0F1B446F9100460AF3 /* Frameworks */,
				A003EC111B1E4DD900AE8246 /* Products */,
			);
			sourceTree = "<group>";
		};
		A003EC111B1E4DD900AE8246 /* Products */ = {
			isa = PBXGroup;
			children = (
				A003EC101B1E4DD900AE8246 /* SuperVision Goggles.app */,
				A003EC291B1E4DDA00AE8246 /* SuperVision+ GogglesTests.xctest */,
			);
			name = Products;
			sourceTree = "<group>";
		};
		A003EC121B1E4DD900AE8246 /* SuperVision+ Goggles */ = {
			isa = PBXGroup;
			children = (
				A0F0FA9E1B3DA0B5000FC3E9 /* Main */,
				A0F0FA9F1B3DA134000FC3E9 /* Sections */,
				A0F0FAA01B3DA18A000FC3E9 /* Models */,
				A0F6CBA91B41E49300460AF3 /* Resources */,
				A0D9CE9F1B69750100E3D01F /* Images.xcassets */,
				A003EC131B1E4DD900AE8246 /* Supporting Files */,
			);
			path = "SuperVision+ Goggles";
			sourceTree = "<group>";
		};
		A003EC131B1E4DD900AE8246 /* Supporting Files */ = {
			isa = PBXGroup;
			children = (
				A003EC141B1E4DD900AE8246 /* Info.plist */,
				A003EC151B1E4DD900AE8246 /* main.m */,
			);
			name = "Supporting Files";
			sourceTree = "<group>";
		};
		A003EC2C1B1E4DDA00AE8246 /* SuperVision+ GogglesTests */ = {
			isa = PBXGroup;
			children = (
				A003EC2F1B1E4DDA00AE8246 /* SuperVision__GogglesTests.m */,
				A003EC2D1B1E4DDA00AE8246 /* Supporting Files */,
			);
			path = "SuperVision+ GogglesTests";
			sourceTree = "<group>";
		};
		A003EC2D1B1E4DDA00AE8246 /* Supporting Files */ = {
			isa = PBXGroup;
			children = (
				A003EC2E1B1E4DDA00AE8246 /* Info.plist */,
			);
			name = "Supporting Files";
			sourceTree = "<group>";
		};
		A05C10FF1B4EF64400B409B6 /* Image Process */ = {
			isa = PBXGroup;
			children = (
				A05C11001B4EF66500B409B6 /* ImageProcess.h */,
				A05C11011B4EF66500B409B6 /* ImageProcess.mm */,
			);
			name = "Image Process";
			sourceTree = "<group>";
		};
		A0F0FA9E1B3DA0B5000FC3E9 /* Main */ = {
			isa = PBXGroup;
			children = (
				A003EC1D1B1E4DD900AE8246 /* Main.storyboard */,
				A003EC171B1E4DD900AE8246 /* AppDelegate.h */,
				A003EC181B1E4DD900AE8246 /* AppDelegate.m */,
				A003EC221B1E4DD900AE8246 /* LaunchScreen.xib */,
				A003EC1A1B1E4DD900AE8246 /* ViewController.h */,
				A003EC1B1B1E4DD900AE8246 /* ViewController.mm */,
			);
			name = Main;
			sourceTree = "<group>";
		};
		A0F0FA9F1B3DA134000FC3E9 /* Sections */ = {
			isa = PBXGroup;
			children = (
				A0F0FAA11B3DA1EC000FC3E9 /* Motion */,
				A0F0FAA21B3DA1F8000FC3E9 /* Help */,
				A05C10FF1B4EF64400B409B6 /* Image Process */,
				A0F638E21B62878E00964FF8 /* Umeng */,
			);
			name = Sections;
			sourceTree = "<group>";
		};
		A0F0FAA01B3DA18A000FC3E9 /* Models */ = {
			isa = PBXGroup;
			children = (
				A0F6CC191B44863800460AF3 /* SVScrollView.h */,
				A0F6CC1A1B44863800460AF3 /* SVScrollView.m */,
				A00D072E1B4EB9A600ED27FD /* SVHelpScrollView.h */,
				A00D072F1B4EB9A600ED27FD /* SVHelpScrollView.m */,
				A0F6CBE41B4337D900460AF3 /* SVSlider.h */,
				A0F6CBE51B4337D900460AF3 /* SVSlider.m */,
			);
			name = Models;
			sourceTree = "<group>";
		};
		A0F0FAA11B3DA1EC000FC3E9 /* Motion */ = {
			isa = PBXGroup;
			children = (
				A037E8FE1B45D91300DA7961 /* MagnetSensor.h */,
				A037E9031B45D9E300DA7961 /* MagnetSensor.mm */,
				A037E9061B45DB7100DA7961 /* Accelerometer.h */,
				A037E9051B45DB7100DA7961 /* Accelerometer.mm */,
				A00D071E1B4AF9DA00ED27FD /* Gyro.h */,
				A00D071D1B4AF9DA00ED27FD /* Gyro.mm */,
			);
			name = Motion;
			sourceTree = "<group>";
		};
		A0F0FAA21B3DA1F8000FC3E9 /* Help */ = {
			isa = PBXGroup;
			children = (
				A00D07221B4DB18C00ED27FD /* HelpViewController.h */,
				A00D07231B4DB18C00ED27FD /* HelpViewController.mm */,
				A00D07241B4DB18C00ED27FD /* HelpViewController.xib */,
			);
			name = Help;
			sourceTree = "<group>";
		};
		A0F638E21B62878E00964FF8 /* Umeng */ = {
			isa = PBXGroup;
			children = (
				A0D9CE9C1B6954B400E3D01F /* libMobClickLibrary.a */,
				A0D9CE9D1B6954B400E3D01F /* MobClick.h */,
			);
			name = Umeng;
			sourceTree = "<group>";
		};
		A0F6CBA91B41E49300460AF3 /* Resources */ = {
			isa = PBXGroup;
			children = (
				A0F6CBAA1B41E4AF00460AF3 /* Images */,
			);
			name = Resources;
			sourceTree = "<group>";
		};
		A0F6CBAA1B41E4AF00460AF3 /* Images */ = {
			isa = PBXGroup;
			children = (
				A0F6CBAC1B41E4C700460AF3 /* Buttons */,
			);
			name = Images;
			sourceTree = "<group>";
		};
		A0F6CBAC1B41E4C700460AF3 /* Buttons */ = {
			isa = PBXGroup;
			children = (
				A00D072C1B4DB47300ED27FD /* undo.png */,
				A0F6CBC71B432C7C00460AF3 /* empty.png */,
				A0F6CBC81B432C7C00460AF3 /* exit.png */,
				A0F6CBC91B432C7C00460AF3 /* flashlight_selected.png */,
				A0F6CBCA1B432C7C00460AF3 /* flashlight.png */,
				A0F6CBCB1B432C7C00460AF3 /* flashoff.png */,
				A0F6CBCC1B432C7C00460AF3 /* flashon.png */,
				A0F6CBCD1B432C7C00460AF3 /* help.png */,
				A0F6CBCE1B432C7C00460AF3 /* image_selected.png */,
				A0F6CBCF1B432C7C00460AF3 /* image.png */,
				A0F6CBD01B432C7C00460AF3 /* info.png */,
				A0F6CBD11B432C7C00460AF3 /* slider.png */,
				A0F6CBD21B432C7C00460AF3 /* sliderthumb.png */,
				A0F6CBD31B432C7C00460AF3 /* zoom.png */,
			);
			name = Buttons;
			sourceTree = "<group>";
		};
		A0F6CC0F1B446F9100460AF3 /* Frameworks */ = {
			isa = PBXGroup;
			children = (
				A0F638E61B62888400964FF8 /* libz.dylib */,
				A05C11151B50557F00B409B6 /* GLKit.framework */,
				A05C110F1B504C9600B409B6 /* UIKit.framework */,
				A05C110D1B504C5400B409B6 /* CoreGraphics.framework */,
				A05C110B1B4F0BFD00B409B6 /* ImageIO.framework */,
				A05C11091B4F0BF600B409B6 /* CoreVideo.framework */,
				A05C11071B4F0BEE00B409B6 /* CoreMedia.framework */,
				A05C11051B4EF84400B409B6 /* Foundation.framework */,
				A05C11031B4EF6E400B409B6 /* opencv2.framework */,
				A037E9081B45DBDC00DA7961 /* CoreMotion.framework */,
				A0F6CC101B446FAC00460AF3 /* AVFoundation.framework */,
			);
			name = Frameworks;
			sourceTree = "<group>";
		};
/* End PBXGroup section */

/* Begin PBXNativeTarget section */
		A003EC0F1B1E4DD900AE8246 /* SuperVision+ Goggles */ = {
			isa = PBXNativeTarget;
			buildConfigurationList = A003EC331B1E4DDA00AE8246 /* Build configuration list for PBXNativeTarget "SuperVision+ Goggles" */;
			buildPhases = (
				A003EC0C1B1E4DD900AE8246 /* Sources */,
				A003EC0D1B1E4DD900AE8246 /* Frameworks */,
				A003EC0E1B1E4DD900AE8246 /* Resources */,
			);
			buildRules = (
			);
			dependencies = (
			);
			name = "SuperVision+ Goggles";
			productName = "SuperVision+ Goggles";
			productReference = A003EC101B1E4DD900AE8246 /* SuperVision Goggles.app */;
			productType = "com.apple.product-type.application";
		};
		A003EC281B1E4DDA00AE8246 /* SuperVision+ GogglesTests */ = {
			isa = PBXNativeTarget;
			buildConfigurationList = A003EC361B1E4DDA00AE8246 /* Build configuration list for PBXNativeTarget "SuperVision+ GogglesTests" */;
			buildPhases = (
				A003EC251B1E4DDA00AE8246 /* Sources */,
				A003EC261B1E4DDA00AE8246 /* Frameworks */,
				A003EC271B1E4DDA00AE8246 /* Resources */,
			);
			buildRules = (
			);
			dependencies = (
				A003EC2B1B1E4DDA00AE8246 /* PBXTargetDependency */,
			);
			name = "SuperVision+ GogglesTests";
			productName = "SuperVision+ GogglesTests";
			productReference = A003EC291B1E4DDA00AE8246 /* SuperVision+ GogglesTests.xctest */;
			productType = "com.apple.product-type.bundle.unit-test";
		};
/* End PBXNativeTarget section */

/* Begin PBXProject section */
		A003EC081B1E4DD900AE8246 /* Project object */ = {
			isa = PBXProject;
			attributes = {
				LastUpgradeCheck = 0630;
				ORGANIZATIONNAME = "Massachusetts Eye and Ear Infirmary";
				TargetAttributes = {
					A003EC0F1B1E4DD900AE8246 = {
						CreatedOnToolsVersion = 6.3.2;
						DevelopmentTeam = S3XP72WELV;
					};
					A003EC281B1E4DDA00AE8246 = {
						CreatedOnToolsVersion = 6.3.2;
						TestTargetID = A003EC0F1B1E4DD900AE8246;
					};
				};
			};
			buildConfigurationList = A003EC0B1B1E4DD900AE8246 /* Build configuration list for PBXProject "SuperVision+ Goggles" */;
			compatibilityVersion = "Xcode 3.2";
			developmentRegion = English;
			hasScannedForEncodings = 0;
			knownRegions = (
				en,
				Base,
			);
			mainGroup = A003EC071B1E4DD900AE8246;
			productRefGroup = A003EC111B1E4DD900AE8246 /* Products */;
			projectDirPath = "";
			projectRoot = "";
			targets = (
				A003EC0F1B1E4DD900AE8246 /* SuperVision+ Goggles */,
				A003EC281B1E4DDA00AE8246 /* SuperVision+ GogglesTests */,
			);
		};
/* End PBXProject section */

/* Begin PBXResourcesBuildPhase section */
		A003EC0E1B1E4DD900AE8246 /* Resources */ = {
			isa = PBXResourcesBuildPhase;
			buildActionMask = 2147483647;
			files = (
				A0F6CBE01B432C7C00460AF3 /* zoom.png in Resources */,
				A0F6CBD81B432C7C00460AF3 /* flashoff.png in Resources */,
				A003EC1F1B1E4DD900AE8246 /* Main.storyboard in Resources */,
				A00D07261B4DB18C00ED27FD /* HelpViewController.xib in Resources */,
				A0F6CBD91B432C7C00460AF3 /* flashon.png in Resources */,
				A0F6CBD51B432C7C00460AF3 /* exit.png in Resources */,
				A0F6CBDE1B432C7C00460AF3 /* slider.png in Resources */,
				A00D072D1B4DB47300ED27FD /* undo.png in Resources */,
				A0F6CBDB1B432C7C00460AF3 /* image_selected.png in Resources */,
				A0F6CBD61B432C7C00460AF3 /* flashlight_selected.png in Resources */,
				A003EC241B1E4DD900AE8246 /* LaunchScreen.xib in Resources */,
				A0F6CBDF1B432C7C00460AF3 /* sliderthumb.png in Resources */,
				A0F6CBDA1B432C7C00460AF3 /* help.png in Resources */,
				A0F6CBD71B432C7C00460AF3 /* flashlight.png in Resources */,
				A0D9CEA01B69750100E3D01F /* Images.xcassets in Resources */,
				A0F6CBD41B432C7C00460AF3 /* empty.png in Resources */,
				A0F6CBDD1B432C7C00460AF3 /* info.png in Resources */,
				A0F6CBDC1B432C7C00460AF3 /* image.png in Resources */,
			);
			runOnlyForDeploymentPostprocessing = 0;
		};
		A003EC271B1E4DDA00AE8246 /* Resources */ = {
			isa = PBXResourcesBuildPhase;
			buildActionMask = 2147483647;
			files = (
			);
			runOnlyForDeploymentPostprocessing = 0;
		};
/* End PBXResourcesBuildPhase section */

/* Begin PBXSourcesBuildPhase section */
		A003EC0C1B1E4DD900AE8246 /* Sources */ = {
			isa = PBXSourcesBuildPhase;
			buildActionMask = 2147483647;
			files = (
				A05C11021B4EF66500B409B6 /* ImageProcess.mm in Sources */,
				A00D071F1B4AF9DA00ED27FD /* Gyro.mm in Sources */,
				A00D07301B4EB9A600ED27FD /* SVHelpScrollView.m in Sources */,
				A003EC1C1B1E4DD900AE8246 /* ViewController.mm in Sources */,
				A003EC191B1E4DD900AE8246 /* AppDelegate.m in Sources */,
				A0F6CC1B1B44863800460AF3 /* SVScrollView.m in Sources */,
				A003EC161B1E4DD900AE8246 /* main.m in Sources */,
				A037E9071B45DB7100DA7961 /* Accelerometer.mm in Sources */,
				A0F6CBE61B4337D900460AF3 /* SVSlider.m in Sources */,
				A00D07251B4DB18C00ED27FD /* HelpViewController.mm in Sources */,
				A037E9041B45D9E300DA7961 /* MagnetSensor.mm in Sources */,
			);
			runOnlyForDeploymentPostprocessing = 0;
		};
		A003EC251B1E4DDA00AE8246 /* Sources */ = {
			isa = PBXSourcesBuildPhase;
			buildActionMask = 2147483647;
			files = (
				A003EC301B1E4DDA00AE8246 /* SuperVision__GogglesTests.m in Sources */,
			);
			runOnlyForDeploymentPostprocessing = 0;
		};
/* End PBXSourcesBuildPhase section */

/* Begin PBXTargetDependency section */
		A003EC2B1B1E4DDA00AE8246 /* PBXTargetDependency */ = {
			isa = PBXTargetDependency;
			target = A003EC0F1B1E4DD900AE8246 /* SuperVision+ Goggles */;
			targetProxy = A003EC2A1B1E4DDA00AE8246 /* PBXContainerItemProxy */;
		};
/* End PBXTargetDependency section */

/* Begin PBXVariantGroup section */
		A003EC1D1B1E4DD900AE8246 /* Main.storyboard */ = {
			isa = PBXVariantGroup;
			children = (
				A003EC1E1B1E4DD900AE8246 /* Base */,
			);
			name = Main.storyboard;
			sourceTree = "<group>";
		};
		A003EC221B1E4DD900AE8246 /* LaunchScreen.xib */ = {
			isa = PBXVariantGroup;
			children = (
				A003EC231B1E4DD900AE8246 /* Base */,
			);
			name = LaunchScreen.xib;
			sourceTree = "<group>";
		};
/* End PBXVariantGroup section */

/* Begin XCBuildConfiguration section */
		A003EC311B1E4DDA00AE8246 /* Debug */ = {
			isa = XCBuildConfiguration;
			buildSettings = {
				ALWAYS_SEARCH_USER_PATHS = NO;
				CLANG_CXX_LANGUAGE_STANDARD = "gnu++0x";
				CLANG_CXX_LIBRARY = "libc++";
				CLANG_ENABLE_MODULES = YES;
				CLANG_ENABLE_OBJC_ARC = YES;
				CLANG_WARN_BOOL_CONVERSION = YES;
				CLANG_WARN_CONSTANT_CONVERSION = YES;
				CLANG_WARN_DIRECT_OBJC_ISA_USAGE = YES_ERROR;
				CLANG_WARN_EMPTY_BODY = YES;
				CLANG_WARN_ENUM_CONVERSION = YES;
				CLANG_WARN_INT_CONVERSION = YES;
				CLANG_WARN_OBJC_ROOT_CLASS = YES_ERROR;
				CLANG_WARN_UNREACHABLE_CODE = YES;
				CLANG_WARN__DUPLICATE_METHOD_MATCH = YES;
				"CODE_SIGN_IDENTITY[sdk=iphoneos*]" = "iPhone Developer";
				COPY_PHASE_STRIP = NO;
				DEBUG_INFORMATION_FORMAT = "dwarf-with-dsym";
				ENABLE_STRICT_OBJC_MSGSEND = YES;
				GCC_C_LANGUAGE_STANDARD = gnu99;
				GCC_DYNAMIC_NO_PIC = NO;
				GCC_NO_COMMON_BLOCKS = YES;
				GCC_OPTIMIZATION_LEVEL = 0;
				GCC_PREPROCESSOR_DEFINITIONS = (
					"DEBUG=1",
					"$(inherited)",
				);
				GCC_SYMBOLS_PRIVATE_EXTERN = NO;
				GCC_WARN_64_TO_32_BIT_CONVERSION = YES;
				GCC_WARN_ABOUT_RETURN_TYPE = YES_ERROR;
				GCC_WARN_UNDECLARED_SELECTOR = YES;
				GCC_WARN_UNINITIALIZED_AUTOS = YES_AGGRESSIVE;
				GCC_WARN_UNUSED_FUNCTION = YES;
				GCC_WARN_UNUSED_VARIABLE = YES;
				IPHONEOS_DEPLOYMENT_TARGET = 8.3;
				MTL_ENABLE_DEBUG_INFO = YES;
				ONLY_ACTIVE_ARCH = YES;
				SDKROOT = iphoneos;
			};
			name = Debug;
		};
		A003EC321B1E4DDA00AE8246 /* Release */ = {
			isa = XCBuildConfiguration;
			buildSettings = {
				ALWAYS_SEARCH_USER_PATHS = NO;
				CLANG_CXX_LANGUAGE_STANDARD = "gnu++0x";
				CLANG_CXX_LIBRARY = "libc++";
				CLANG_ENABLE_MODULES = YES;
				CLANG_ENABLE_OBJC_ARC = YES;
				CLANG_WARN_BOOL_CONVERSION = YES;
				CLANG_WARN_CONSTANT_CONVERSION = YES;
				CLANG_WARN_DIRECT_OBJC_ISA_USAGE = YES_ERROR;
				CLANG_WARN_EMPTY_BODY = YES;
				CLANG_WARN_ENUM_CONVERSION = YES;
				CLANG_WARN_INT_CONVERSION = YES;
				CLANG_WARN_OBJC_ROOT_CLASS = YES_ERROR;
				CLANG_WARN_UNREACHABLE_CODE = YES;
				CLANG_WARN__DUPLICATE_METHOD_MATCH = YES;
				"CODE_SIGN_IDENTITY[sdk=iphoneos*]" = "iPhone Developer";
				COPY_PHASE_STRIP = NO;
				DEBUG_INFORMATION_FORMAT = "dwarf-with-dsym";
				ENABLE_NS_ASSERTIONS = NO;
				ENABLE_STRICT_OBJC_MSGSEND = YES;
				GCC_C_LANGUAGE_STANDARD = gnu99;
				GCC_NO_COMMON_BLOCKS = YES;
				GCC_WARN_64_TO_32_BIT_CONVERSION = YES;
				GCC_WARN_ABOUT_RETURN_TYPE = YES_ERROR;
				GCC_WARN_UNDECLARED_SELECTOR = YES;
				GCC_WARN_UNINITIALIZED_AUTOS = YES_AGGRESSIVE;
				GCC_WARN_UNUSED_FUNCTION = YES;
				GCC_WARN_UNUSED_VARIABLE = YES;
				IPHONEOS_DEPLOYMENT_TARGET = 8.3;
				MTL_ENABLE_DEBUG_INFO = NO;
				SDKROOT = iphoneos;
				VALIDATE_PRODUCT = YES;
			};
			name = Release;
		};
		A003EC341B1E4DDA00AE8246 /* Debug */ = {
			isa = XCBuildConfiguration;
			buildSettings = {
				ASSETCATALOG_COMPILER_APPICON_NAME = AppIcon;
				ASSETCATALOG_COMPILER_LAUNCHIMAGE_NAME = LaunchImage;
				CODE_SIGN_IDENTITY = "iPhone Developer";
				FRAMEWORK_SEARCH_PATHS = (
					"$(inherited)",
					"$(PROJECT_DIR)/Framework",
				);
				GCC_PREPROCESSOR_DEFINITIONS = "";
				INFOPLIST_FILE = "SuperVision+ Goggles/Info.plist";
				IPHONEOS_DEPLOYMENT_TARGET = 7.0;
				LD_RUNPATH_SEARCH_PATHS = "$(inherited) @executable_path/Frameworks";
				LIBRARY_SEARCH_PATHS = "$(PROJECT_DIR)/SuperVision+ Goggles";
				PRODUCT_NAME = "SuperVision Goggles";
				TARGETED_DEVICE_FAMILY = 1;
			};
			name = Debug;
		};
		A003EC351B1E4DDA00AE8246 /* Release */ = {
			isa = XCBuildConfiguration;
			buildSettings = {
				ASSETCATALOG_COMPILER_APPICON_NAME = AppIcon;
				ASSETCATALOG_COMPILER_LAUNCHIMAGE_NAME = LaunchImage;
				CODE_SIGN_IDENTITY = "iPhone Developer";
				FRAMEWORK_SEARCH_PATHS = (
					"$(inherited)",
					"$(PROJECT_DIR)/Framework",
				);
				GCC_PREPROCESSOR_DEFINITIONS = "";
				INFOPLIST_FILE = "SuperVision+ Goggles/Info.plist";
				IPHONEOS_DEPLOYMENT_TARGET = 7.0;
				LD_RUNPATH_SEARCH_PATHS = "$(inherited) @executable_path/Frameworks";
				LIBRARY_SEARCH_PATHS = "$(PROJECT_DIR)/SuperVision+ Goggles";
				PRODUCT_NAME = "SuperVision Goggles";
				TARGETED_DEVICE_FAMILY = 1;
			};
			name = Release;
		};
		A003EC371B1E4DDA00AE8246 /* Debug */ = {
			isa = XCBuildConfiguration;
			buildSettings = {
				BUNDLE_LOADER = "$(TEST_HOST)";
				FRAMEWORK_SEARCH_PATHS = (
					"$(SDKROOT)/Developer/Library/Frameworks",
					"$(inherited)",
				);
				GCC_PREPROCESSOR_DEFINITIONS = (
					"DEBUG=1",
					"$(inherited)",
				);
				INFOPLIST_FILE = "SuperVision+ GogglesTests/Info.plist";
				LD_RUNPATH_SEARCH_PATHS = "$(inherited) @executable_path/Frameworks @loader_path/Frameworks";
				PRODUCT_NAME = "$(TARGET_NAME)";
				TEST_HOST = "$(BUILT_PRODUCTS_DIR)/SuperVision+ Goggles.app/SuperVision+ Goggles";
			};
			name = Debug;
		};
		A003EC381B1E4DDA00AE8246 /* Release */ = {
			isa = XCBuildConfiguration;
			buildSettings = {
				BUNDLE_LOADER = "$(TEST_HOST)";
				FRAMEWORK_SEARCH_PATHS = (
					"$(SDKROOT)/Developer/Library/Frameworks",
					"$(inherited)",
				);
				INFOPLIST_FILE = "SuperVision+ GogglesTests/Info.plist";
				LD_RUNPATH_SEARCH_PATHS = "$(inherited) @executable_path/Frameworks @loader_path/Frameworks";
				PRODUCT_NAME = "$(TARGET_NAME)";
				TEST_HOST = "$(BUILT_PRODUCTS_DIR)/SuperVision+ Goggles.app/SuperVision+ Goggles";
			};
			name = Release;
		};
/* End XCBuildConfiguration section */

/* Begin XCConfigurationList section */
		A003EC0B1B1E4DD900AE8246 /* Build configuration list for PBXProject "SuperVision+ Goggles" */ = {
			isa = XCConfigurationList;
			buildConfigurations = (
				A003EC311B1E4DDA00AE8246 /* Debug */,
				A003EC321B1E4DDA00AE8246 /* Release */,
			);
			defaultConfigurationIsVisible = 0;
			defaultConfigurationName = Release;
		};
		A003EC331B1E4DDA00AE8246 /* Build configuration list for PBXNativeTarget "SuperVision+ Goggles" */ = {
			isa = XCConfigurationList;
			buildConfigurations = (
				A003EC341B1E4DDA00AE8246 /* Debug */,
				A003EC351B1E4DDA00AE8246 /* Release */,
			);
			defaultConfigurationIsVisible = 0;
			defaultConfigurationName = Release;
		};
		A003EC361B1E4DDA00AE8246 /* Build configuration list for PBXNativeTarget "SuperVision+ GogglesTests" */ = {
			isa = XCConfigurationList;
			buildConfigurations = (
				A003EC371B1E4DDA00AE8246 /* Debug */,
				A003EC381B1E4DDA00AE8246 /* Release */,
			);
			defaultConfigurationIsVisible = 0;
			defaultConfigurationName = Release;
		};
/* End XCConfigurationList section */
	};
	rootObject = A003EC081B1E4DD900AE8246 /* Project object */;
}
